// !$*UTF8*$!
{
	archiveVersion = 1;
	classes = {
	};
	objectVersion = 48;
	objects = {

/* Begin PBXBuildFile section */
		720995C91F8BEDD80014315F /* AppDelegate.swift in Sources */ = {isa = PBXBuildFile; fileRef = 720995C81F8BEDD80014315F /* AppDelegate.swift */; };
		720995CB1F8BEDD80014315F /* ViewController.swift in Sources */ = {isa = PBXBuildFile; fileRef = 720995CA1F8BEDD80014315F /* ViewController.swift */; };
		720995CE1F8BEDD80014315F /* Main.storyboard in Resources */ = {isa = PBXBuildFile; fileRef = 720995CC1F8BEDD80014315F /* Main.storyboard */; };
		720995D01F8BEDD80014315F /* Assets.xcassets in Resources */ = {isa = PBXBuildFile; fileRef = 720995CF1F8BEDD80014315F /* Assets.xcassets */; };
		720995D31F8BEDD80014315F /* LaunchScreen.storyboard in Resources */ = {isa = PBXBuildFile; fileRef = 720995D11F8BEDD80014315F /* LaunchScreen.storyboard */; };
		720996491F8BEE690014315F /* AZSBlockListItem.m in Sources */ = {isa = PBXBuildFile; fileRef = 720995DC1F8BEE620014315F /* AZSBlockListItem.m */; };
		7209964A1F8BEE690014315F /* AZSBlobRequestOptions.m in Sources */ = {isa = PBXBuildFile; fileRef = 720995DF1F8BEE630014315F /* AZSBlobRequestOptions.m */; };
		7209964B1F8BEE690014315F /* AZSCloudBlobDirectory.m in Sources */ = {isa = PBXBuildFile; fileRef = 720995E31F8BEE630014315F /* AZSCloudBlobDirectory.m */; };
		7209964C1F8BEE690014315F /* AZSNoOpAuthenticationHandler.m in Sources */ = {isa = PBXBuildFile; fileRef = 720995E41F8BEE630014315F /* AZSNoOpAuthenticationHandler.m */; };
		7209964D1F8BEE690014315F /* AZSClient.m in Sources */ = {isa = PBXBuildFile; fileRef = 720995E61F8BEE630014315F /* AZSClient.m */; };
		7209964E1F8BEE690014315F /* AZSUtil.m in Sources */ = {isa = PBXBuildFile; fileRef = 720995E71F8BEE630014315F /* AZSUtil.m */; };
		7209964F1F8BEE690014315F /* AZSMetricsProperties.m in Sources */ = {isa = PBXBuildFile; fileRef = 720995E81F8BEE630014315F /* AZSMetricsProperties.m */; };
		720996501F8BEE690014315F /* AZSCopyState.m in Sources */ = {isa = PBXBuildFile; fileRef = 720995EA1F8BEE630014315F /* AZSCopyState.m */; };
		720996511F8BEE690014315F /* AZSSharedAccessBlobParameters.m in Sources */ = {isa = PBXBuildFile; fileRef = 720995EB1F8BEE630014315F /* AZSSharedAccessBlobParameters.m */; };
		720996521F8BEE690014315F /* AZSCloudBlobContainer.m in Sources */ = {isa = PBXBuildFile; fileRef = 720995EC1F8BEE630014315F /* AZSCloudBlobContainer.m */; };
		720996531F8BEE690014315F /* AZSBlobResponseParser.m in Sources */ = {isa = PBXBuildFile; fileRef = 720995EF1F8BEE640014315F /* AZSBlobResponseParser.m */; };
		720996541F8BEE690014315F /* AZSContinuationToken.m in Sources */ = {isa = PBXBuildFile; fileRef = 720995F01F8BEE640014315F /* AZSContinuationToken.m */; };
		720996551F8BEE690014315F /* AZSRequestFactory.m in Sources */ = {isa = PBXBuildFile; fileRef = 720995F11F8BEE640014315F /* AZSRequestFactory.m */; };
		720996561F8BEE690014315F /* AZSBlobContainerProperties.m in Sources */ = {isa = PBXBuildFile; fileRef = 720995F31F8BEE640014315F /* AZSBlobContainerProperties.m */; };
		720996571F8BEE690014315F /* AZSBlobOutputStream.m in Sources */ = {isa = PBXBuildFile; fileRef = 720995F41F8BEE640014315F /* AZSBlobOutputStream.m */; };
		720996581F8BEE690014315F /* AZSSharedKeyBlobAuthenticationHandler.m in Sources */ = {isa = PBXBuildFile; fileRef = 720995F61F8BEE640014315F /* AZSSharedKeyBlobAuthenticationHandler.m */; };
		720996591F8BEE690014315F /* AZSSharedAccessAccountParameters.m in Sources */ = {isa = PBXBuildFile; fileRef = 720995F91F8BEE640014315F /* AZSSharedAccessAccountParameters.m */; };
		7209965A1F8BEE690014315F /* AZSCloudBlockBlob.m in Sources */ = {isa = PBXBuildFile; fileRef = 720995FB1F8BEE640014315F /* AZSCloudBlockBlob.m */; };
		7209965B1F8BEE690014315F /* AZSBlobRequestXML.m in Sources */ = {isa = PBXBuildFile; fileRef = 720995FE1F8BEE650014315F /* AZSBlobRequestXML.m */; };
		7209965C1F8BEE690014315F /* AZSRetryInfo.m in Sources */ = {isa = PBXBuildFile; fileRef = 720996041F8BEE650014315F /* AZSRetryInfo.m */; };
		7209965D1F8BEE690014315F /* AZSStorageCredentials.m in Sources */ = {isa = PBXBuildFile; fileRef = 720996051F8BEE650014315F /* AZSStorageCredentials.m */; };
		7209965E1F8BEE690014315F /* AZSSharedAccessHeaders.m in Sources */ = {isa = PBXBuildFile; fileRef = 720996071F8BEE650014315F /* AZSSharedAccessHeaders.m */; };
		7209965F1F8BEE690014315F /* AZSServiceProperties.m in Sources */ = {isa = PBXBuildFile; fileRef = 720996091F8BEE650014315F /* AZSServiceProperties.m */; };
		720996601F8BEE690014315F /* AZSBlobRequestFactory.m in Sources */ = {isa = PBXBuildFile; fileRef = 7209960A1F8BEE650014315F /* AZSBlobRequestFactory.m */; };
		720996611F8BEE690014315F /* AZSCloudPageBlob.m in Sources */ = {isa = PBXBuildFile; fileRef = 7209960D1F8BEE660014315F /* AZSCloudPageBlob.m */; };
		720996621F8BEE690014315F /* AZSLoggingProperties.m in Sources */ = {isa = PBXBuildFile; fileRef = 7209960F1F8BEE660014315F /* AZSLoggingProperties.m */; };
		720996631F8BEE690014315F /* AZSStorageCommand.m in Sources */ = {isa = PBXBuildFile; fileRef = 720996101F8BEE660014315F /* AZSStorageCommand.m */; };
		720996641F8BEE690014315F /* AZSResponseParser.m in Sources */ = {isa = PBXBuildFile; fileRef = 720996131F8BEE660014315F /* AZSResponseParser.m */; };
		720996651F8BEE690014315F /* AZSRetryContext.m in Sources */ = {isa = PBXBuildFile; fileRef = 720996141F8BEE660014315F /* AZSRetryContext.m */; };
		720996661F8BEE690014315F /* AZSUriQueryBuilder.m in Sources */ = {isa = PBXBuildFile; fileRef = 720996151F8BEE660014315F /* AZSUriQueryBuilder.m */; };
		720996671F8BEE690014315F /* AZSCorsRule.m in Sources */ = {isa = PBXBuildFile; fileRef = 720996181F8BEE660014315F /* AZSCorsRule.m */; };
		720996681F8BEE690014315F /* AZSResultSegment.m in Sources */ = {isa = PBXBuildFile; fileRef = 7209961C1F8BEE670014315F /* AZSResultSegment.m */; };
		720996691F8BEE690014315F /* AZSBlobUploadHelper.m in Sources */ = {isa = PBXBuildFile; fileRef = 7209961E1F8BEE670014315F /* AZSBlobUploadHelper.m */; };
		7209966A1F8BEE690014315F /* AZSCloudAppendBlob.m in Sources */ = {isa = PBXBuildFile; fileRef = 720996221F8BEE670014315F /* AZSCloudAppendBlob.m */; };
		7209966B1F8BEE690014315F /* AZSBlobProperties.m in Sources */ = {isa = PBXBuildFile; fileRef = 720996241F8BEE670014315F /* AZSBlobProperties.m */; };
		7209966C1F8BEE690014315F /* AZSSharedAccessPolicy.m in Sources */ = {isa = PBXBuildFile; fileRef = 720996251F8BEE670014315F /* AZSSharedAccessPolicy.m */; };
		7209966D1F8BEE690014315F /* AZSStorageUri.m in Sources */ = {isa = PBXBuildFile; fileRef = 720996281F8BEE670014315F /* AZSStorageUri.m */; };
		7209966E1F8BEE690014315F /* AZSCloudStorageAccount.m in Sources */ = {isa = PBXBuildFile; fileRef = 7209962A1F8BEE670014315F /* AZSCloudStorageAccount.m */; };
		7209966F1F8BEE690014315F /* AZSExecutor.m in Sources */ = {isa = PBXBuildFile; fileRef = 7209962C1F8BEE680014315F /* AZSExecutor.m */; };
		720996701F8BEE690014315F /* AZSOperationContext.m in Sources */ = {isa = PBXBuildFile; fileRef = 7209962E1F8BEE680014315F /* AZSOperationContext.m */; };
		720996711F8BEE690014315F /* AZSCloudClient.m in Sources */ = {isa = PBXBuildFile; fileRef = 720996321F8BEE680014315F /* AZSCloudClient.m */; };
		720996721F8BEE690014315F /* AZSErrors.m in Sources */ = {isa = PBXBuildFile; fileRef = 720996331F8BEE680014315F /* AZSErrors.m */; };
		720996731F8BEE690014315F /* AZSRetryPolicy.m in Sources */ = {isa = PBXBuildFile; fileRef = 720996361F8BEE680014315F /* AZSRetryPolicy.m */; };
		720996741F8BEE690014315F /* AZSCloudBlobClient.m in Sources */ = {isa = PBXBuildFile; fileRef = 720996391F8BEE680014315F /* AZSCloudBlobClient.m */; };
		720996751F8BEE690014315F /* AZSNavigationUtil.m in Sources */ = {isa = PBXBuildFile; fileRef = 7209963A1F8BEE680014315F /* AZSNavigationUtil.m */; };
		720996761F8BEE690014315F /* AZSRequestResult.m in Sources */ = {isa = PBXBuildFile; fileRef = 7209963B1F8BEE680014315F /* AZSRequestResult.m */; };
		720996771F8BEE690014315F /* AZSRequestOptions.m in Sources */ = {isa = PBXBuildFile; fileRef = 7209963C1F8BEE690014315F /* AZSRequestOptions.m */; };
		720996781F8BEE690014315F /* AZSSharedAccessSignatureHelper.m in Sources */ = {isa = PBXBuildFile; fileRef = 7209963D1F8BEE690014315F /* AZSSharedAccessSignatureHelper.m */; };
		720996791F8BEE690014315F /* AZSConstants.m in Sources */ = {isa = PBXBuildFile; fileRef = 7209963E1F8BEE690014315F /* AZSConstants.m */; };
		7209967A1F8BEE690014315F /* AZSIPRange.m in Sources */ = {isa = PBXBuildFile; fileRef = 720996421F8BEE690014315F /* AZSIPRange.m */; };
		7209967B1F8BEE690014315F /* AZSAccessCondition.m in Sources */ = {isa = PBXBuildFile; fileRef = 720996431F8BEE690014315F /* AZSAccessCondition.m */; };
		7209967C1F8BEE690014315F /* AZSCloudBlob.m in Sources */ = {isa = PBXBuildFile; fileRef = 720996481F8BEE690014315F /* AZSCloudBlob.m */; };
		7209967F1F8BF55C0014315F /* libxml2.tbd in Frameworks */ = {isa = PBXBuildFile; fileRef = 7209967E1F8BF54B0014315F /* libxml2.tbd */; };
		720996821F8BF5DB0014315F /* Values.swift in Sources */ = {isa = PBXBuildFile; fileRef = 720996811F8BF5DB0014315F /* Values.swift */; };
/* End PBXBuildFile section */

/* Begin PBXFileReference section */
		720995C51F8BEDD80014315F /* AzureStorageExample.app */ = {isa = PBXFileReference; explicitFileType = wrapper.application; includeInIndex = 0; path = AzureStorageExample.app; sourceTree = BUILT_PRODUCTS_DIR; };
		720995C81F8BEDD80014315F /* AppDelegate.swift */ = {isa = PBXFileReference; lastKnownFileType = sourcecode.swift; path = AppDelegate.swift; sourceTree = "<group>"; };
		720995CA1F8BEDD80014315F /* ViewController.swift */ = {isa = PBXFileReference; lastKnownFileType = sourcecode.swift; path = ViewController.swift; sourceTree = "<group>"; };
		720995CD1F8BEDD80014315F /* Base */ = {isa = PBXFileReference; lastKnownFileType = file.storyboard; name = Base; path = Base.lproj/Main.storyboard; sourceTree = "<group>"; };
		720995CF1F8BEDD80014315F /* Assets.xcassets */ = {isa = PBXFileReference; lastKnownFileType = folder.assetcatalog; path = Assets.xcassets; sourceTree = "<group>"; };
		720995D21F8BEDD80014315F /* Base */ = {isa = PBXFileReference; lastKnownFileType = file.storyboard; name = Base; path = Base.lproj/LaunchScreen.storyboard; sourceTree = "<group>"; };
		720995D41F8BEDD80014315F /* Info.plist */ = {isa = PBXFileReference; lastKnownFileType = text.plist.xml; path = Info.plist; sourceTree = "<group>"; };
		720995DB1F8BEE620014315F /* AzureStorageExample-Bridging-Header.h */ = {isa = PBXFileReference; lastKnownFileType = sourcecode.c.h; path = "AzureStorageExample-Bridging-Header.h"; sourceTree = "<group>"; };
		720995DC1F8BEE620014315F /* AZSBlockListItem.m */ = {isa = PBXFileReference; fileEncoding = 4; lastKnownFileType = sourcecode.c.objc; name = AZSBlockListItem.m; path = "../../../azure-storage-ios-master/Lib/Azure Storage Client Library/Azure Storage Client Library/AZSBlockListItem.m"; sourceTree = "<group>"; };
		720995DD1F8BEE620014315F /* AZSStorageCredentials.h */ = {isa = PBXFileReference; fileEncoding = 4; lastKnownFileType = sourcecode.c.h; name = AZSStorageCredentials.h; path = "../../../azure-storage-ios-master/Lib/Azure Storage Client Library/Azure Storage Client Library/AZSStorageCredentials.h"; sourceTree = "<group>"; };
		720995DE1F8BEE630014315F /* AZSNoOpAuthenticationHandler.h */ = {isa = PBXFileReference; fileEncoding = 4; lastKnownFileType = sourcecode.c.h; name = AZSNoOpAuthenticationHandler.h; path = "../../../azure-storage-ios-master/Lib/Azure Storage Client Library/Azure Storage Client Library/AZSNoOpAuthenticationHandler.h"; sourceTree = "<group>"; };
		720995DF1F8BEE630014315F /* AZSBlobRequestOptions.m */ = {isa = PBXFileReference; fileEncoding = 4; lastKnownFileType = sourcecode.c.objc; name = AZSBlobRequestOptions.m; path = "../../../azure-storage-ios-master/Lib/Azure Storage Client Library/Azure Storage Client Library/AZSBlobRequestOptions.m"; sourceTree = "<group>"; };
		720995E01F8BEE630014315F /* AZSBlockListItem.h */ = {isa = PBXFileReference; fileEncoding = 4; lastKnownFileType = sourcecode.c.h; name = AZSBlockListItem.h; path = "../../../azure-storage-ios-master/Lib/Azure Storage Client Library/Azure Storage Client Library/AZSBlockListItem.h"; sourceTree = "<group>"; };
		720995E11F8BEE630014315F /* AZSCloudBlobClient.h */ = {isa = PBXFileReference; fileEncoding = 4; lastKnownFileType = sourcecode.c.h; name = AZSCloudBlobClient.h; path = "../../../azure-storage-ios-master/Lib/Azure Storage Client Library/Azure Storage Client Library/AZSCloudBlobClient.h"; sourceTree = "<group>"; };
		720995E21F8BEE630014315F /* AZSBlobRequestOptions.h */ = {isa = PBXFileReference; fileEncoding = 4; lastKnownFileType = sourcecode.c.h; name = AZSBlobRequestOptions.h; path = "../../../azure-storage-ios-master/Lib/Azure Storage Client Library/Azure Storage Client Library/AZSBlobRequestOptions.h"; sourceTree = "<group>"; };
		720995E31F8BEE630014315F /* AZSCloudBlobDirectory.m */ = {isa = PBXFileReference; fileEncoding = 4; lastKnownFileType = sourcecode.c.objc; name = AZSCloudBlobDirectory.m; path = "../../../azure-storage-ios-master/Lib/Azure Storage Client Library/Azure Storage Client Library/AZSCloudBlobDirectory.m"; sourceTree = "<group>"; };
		720995E41F8BEE630014315F /* AZSNoOpAuthenticationHandler.m */ = {isa = PBXFileReference; fileEncoding = 4; lastKnownFileType = sourcecode.c.objc; name = AZSNoOpAuthenticationHandler.m; path = "../../../azure-storage-ios-master/Lib/Azure Storage Client Library/Azure Storage Client Library/AZSNoOpAuthenticationHandler.m"; sourceTree = "<group>"; };
		720995E51F8BEE630014315F /* AZSMetricsProperties.h */ = {isa = PBXFileReference; fileEncoding = 4; lastKnownFileType = sourcecode.c.h; name = AZSMetricsProperties.h; path = "../../../azure-storage-ios-master/Lib/Azure Storage Client Library/Azure Storage Client Library/AZSMetricsProperties.h"; sourceTree = "<group>"; };
		720995E61F8BEE630014315F /* AZSClient.m */ = {isa = PBXFileReference; fileEncoding = 4; lastKnownFileType = sourcecode.c.objc; name = AZSClient.m; path = "../../../azure-storage-ios-master/Lib/Azure Storage Client Library/Azure Storage Client Library/AZSClient.m"; sourceTree = "<group>"; };
		720995E71F8BEE630014315F /* AZSUtil.m */ = {isa = PBXFileReference; fileEncoding = 4; lastKnownFileType = sourcecode.c.objc; name = AZSUtil.m; path = "../../../azure-storage-ios-master/Lib/Azure Storage Client Library/Azure Storage Client Library/AZSUtil.m"; sourceTree = "<group>"; };
		720995E81F8BEE630014315F /* AZSMetricsProperties.m */ = {isa = PBXFileReference; fileEncoding = 4; lastKnownFileType = sourcecode.c.objc; name = AZSMetricsProperties.m; path = "../../../azure-storage-ios-master/Lib/Azure Storage Client Library/Azure Storage Client Library/AZSMetricsProperties.m"; sourceTree = "<group>"; };
		720995E91F8BEE630014315F /* AZSULLRange.h */ = {isa = PBXFileReference; fileEncoding = 4; lastKnownFileType = sourcecode.c.h; name = AZSULLRange.h; path = "../../../azure-storage-ios-master/Lib/Azure Storage Client Library/Azure Storage Client Library/AZSULLRange.h"; sourceTree = "<group>"; };
		720995EA1F8BEE630014315F /* AZSCopyState.m */ = {isa = PBXFileReference; fileEncoding = 4; lastKnownFileType = sourcecode.c.objc; name = AZSCopyState.m; path = "../../../azure-storage-ios-master/Lib/Azure Storage Client Library/Azure Storage Client Library/AZSCopyState.m"; sourceTree = "<group>"; };
		720995EB1F8BEE630014315F /* AZSSharedAccessBlobParameters.m */ = {isa = PBXFileReference; fileEncoding = 4; lastKnownFileType = sourcecode.c.objc; name = AZSSharedAccessBlobParameters.m; path = "../../../azure-storage-ios-master/Lib/Azure Storage Client Library/Azure Storage Client Library/AZSSharedAccessBlobParameters.m"; sourceTree = "<group>"; };
		720995EC1F8BEE630014315F /* AZSCloudBlobContainer.m */ = {isa = PBXFileReference; fileEncoding = 4; lastKnownFileType = sourcecode.c.objc; name = AZSCloudBlobContainer.m; path = "../../../azure-storage-ios-master/Lib/Azure Storage Client Library/Azure Storage Client Library/AZSCloudBlobContainer.m"; sourceTree = "<group>"; };
		720995ED1F8BEE630014315F /* AZSCopyState.h */ = {isa = PBXFileReference; fileEncoding = 4; lastKnownFileType = sourcecode.c.h; name = AZSCopyState.h; path = "../../../azure-storage-ios-master/Lib/Azure Storage Client Library/Azure Storage Client Library/AZSCopyState.h"; sourceTree = "<group>"; };
		720995EE1F8BEE630014315F /* AZSServiceProperties.h */ = {isa = PBXFileReference; fileEncoding = 4; lastKnownFileType = sourcecode.c.h; name = AZSServiceProperties.h; path = "../../../azure-storage-ios-master/Lib/Azure Storage Client Library/Azure Storage Client Library/AZSServiceProperties.h"; sourceTree = "<group>"; };
		720995EF1F8BEE640014315F /* AZSBlobResponseParser.m */ = {isa = PBXFileReference; fileEncoding = 4; lastKnownFileType = sourcecode.c.objc; name = AZSBlobResponseParser.m; path = "../../../azure-storage-ios-master/Lib/Azure Storage Client Library/Azure Storage Client Library/AZSBlobResponseParser.m"; sourceTree = "<group>"; };
		720995F01F8BEE640014315F /* AZSContinuationToken.m */ = {isa = PBXFileReference; fileEncoding = 4; lastKnownFileType = sourcecode.c.objc; name = AZSContinuationToken.m; path = "../../../azure-storage-ios-master/Lib/Azure Storage Client Library/Azure Storage Client Library/AZSContinuationToken.m"; sourceTree = "<group>"; };
		720995F11F8BEE640014315F /* AZSRequestFactory.m */ = {isa = PBXFileReference; fileEncoding = 4; lastKnownFileType = sourcecode.c.objc; name = AZSRequestFactory.m; path = "../../../azure-storage-ios-master/Lib/Azure Storage Client Library/Azure Storage Client Library/AZSRequestFactory.m"; sourceTree = "<group>"; };
		720995F21F8BEE640014315F /* AZSErrors.h */ = {isa = PBXFileReference; fileEncoding = 4; lastKnownFileType = sourcecode.c.h; name = AZSErrors.h; path = "../../../azure-storage-ios-master/Lib/Azure Storage Client Library/Azure Storage Client Library/AZSErrors.h"; sourceTree = "<group>"; };
		720995F31F8BEE640014315F /* AZSBlobContainerProperties.m */ = {isa = PBXFileReference; fileEncoding = 4; lastKnownFileType = sourcecode.c.objc; name = AZSBlobContainerProperties.m; path = "../../../azure-storage-ios-master/Lib/Azure Storage Client Library/Azure Storage Client Library/AZSBlobContainerProperties.m"; sourceTree = "<group>"; };
		720995F41F8BEE640014315F /* AZSBlobOutputStream.m */ = {isa = PBXFileReference; fileEncoding = 4; lastKnownFileType = sourcecode.c.objc; name = AZSBlobOutputStream.m; path = "../../../azure-storage-ios-master/Lib/Azure Storage Client Library/Azure Storage Client Library/AZSBlobOutputStream.m"; sourceTree = "<group>"; };
		720995F51F8BEE640014315F /* AZSCorsRule.h */ = {isa = PBXFileReference; fileEncoding = 4; lastKnownFileType = sourcecode.c.h; name = AZSCorsRule.h; path = "../../../azure-storage-ios-master/Lib/Azure Storage Client Library/Azure Storage Client Library/AZSCorsRule.h"; sourceTree = "<group>"; };
		720995F61F8BEE640014315F /* AZSSharedKeyBlobAuthenticationHandler.m */ = {isa = PBXFileReference; fileEncoding = 4; lastKnownFileType = sourcecode.c.objc; name = AZSSharedKeyBlobAuthenticationHandler.m; path = "../../../azure-storage-ios-master/Lib/Azure Storage Client Library/Azure Storage Client Library/AZSSharedKeyBlobAuthenticationHandler.m"; sourceTree = "<group>"; };
		720995F71F8BEE640014315F /* AZSBlobResponseParser.h */ = {isa = PBXFileReference; fileEncoding = 4; lastKnownFileType = sourcecode.c.h; name = AZSBlobResponseParser.h; path = "../../../azure-storage-ios-master/Lib/Azure Storage Client Library/Azure Storage Client Library/AZSBlobResponseParser.h"; sourceTree = "<group>"; };
		720995F81F8BEE640014315F /* AZSLoggingProperties.h */ = {isa = PBXFileReference; fileEncoding = 4; lastKnownFileType = sourcecode.c.h; name = AZSLoggingProperties.h; path = "../../../azure-storage-ios-master/Lib/Azure Storage Client Library/Azure Storage Client Library/AZSLoggingProperties.h"; sourceTree = "<group>"; };
		720995F91F8BEE640014315F /* AZSSharedAccessAccountParameters.m */ = {isa = PBXFileReference; fileEncoding = 4; lastKnownFileType = sourcecode.c.objc; name = AZSSharedAccessAccountParameters.m; path = "../../../azure-storage-ios-master/Lib/Azure Storage Client Library/Azure Storage Client Library/AZSSharedAccessAccountParameters.m"; sourceTree = "<group>"; };
		720995FA1F8BEE640014315F /* AZSNavigationUtil.h */ = {isa = PBXFileReference; fileEncoding = 4; lastKnownFileType = sourcecode.c.h; name = AZSNavigationUtil.h; path = "../../../azure-storage-ios-master/Lib/Azure Storage Client Library/Azure Storage Client Library/AZSNavigationUtil.h"; sourceTree = "<group>"; };
		720995FB1F8BEE640014315F /* AZSCloudBlockBlob.m */ = {isa = PBXFileReference; fileEncoding = 4; lastKnownFileType = sourcecode.c.objc; name = AZSCloudBlockBlob.m; path = "../../../azure-storage-ios-master/Lib/Azure Storage Client Library/Azure Storage Client Library/AZSCloudBlockBlob.m"; sourceTree = "<group>"; };
		720995FC1F8BEE650014315F /* AZSRequestResult.h */ = {isa = PBXFileReference; fileEncoding = 4; lastKnownFileType = sourcecode.c.h; name = AZSRequestResult.h; path = "../../../azure-storage-ios-master/Lib/Azure Storage Client Library/Azure Storage Client Library/AZSRequestResult.h"; sourceTree = "<group>"; };
		720995FD1F8BEE650014315F /* AZSSharedAccessHeaders.h */ = {isa = PBXFileReference; fileEncoding = 4; lastKnownFileType = sourcecode.c.h; name = AZSSharedAccessHeaders.h; path = "../../../azure-storage-ios-master/Lib/Azure Storage Client Library/Azure Storage Client Library/AZSSharedAccessHeaders.h"; sourceTree = "<group>"; };
		720995FE1F8BEE650014315F /* AZSBlobRequestXML.m */ = {isa = PBXFileReference; fileEncoding = 4; lastKnownFileType = sourcecode.c.objc; name = AZSBlobRequestXML.m; path = "../../../azure-storage-ios-master/Lib/Azure Storage Client Library/Azure Storage Client Library/AZSBlobRequestXML.m"; sourceTree = "<group>"; };
		720995FF1F8BEE650014315F /* AZSConstants.h */ = {isa = PBXFileReference; fileEncoding = 4; lastKnownFileType = sourcecode.c.h; name = AZSConstants.h; path = "../../../azure-storage-ios-master/Lib/Azure Storage Client Library/Azure Storage Client Library/AZSConstants.h"; sourceTree = "<group>"; };
		720996001F8BEE650014315F /* AZSBlobContainerProperties.h */ = {isa = PBXFileReference; fileEncoding = 4; lastKnownFileType = sourcecode.c.h; name = AZSBlobContainerProperties.h; path = "../../../azure-storage-ios-master/Lib/Azure Storage Client Library/Azure Storage Client Library/AZSBlobContainerProperties.h"; sourceTree = "<group>"; };
		720996011F8BEE650014315F /* AZSSharedKeyBlobAuthenticationHandler.h */ = {isa = PBXFileReference; fileEncoding = 4; lastKnownFileType = sourcecode.c.h; name = AZSSharedKeyBlobAuthenticationHandler.h; path = "../../../azure-storage-ios-master/Lib/Azure Storage Client Library/Azure Storage Client Library/AZSSharedKeyBlobAuthenticationHandler.h"; sourceTree = "<group>"; };
		720996021F8BEE650014315F /* AZSResultSegment.h */ = {isa = PBXFileReference; fileEncoding = 4; lastKnownFileType = sourcecode.c.h; name = AZSResultSegment.h; path = "../../../azure-storage-ios-master/Lib/Azure Storage Client Library/Azure Storage Client Library/AZSResultSegment.h"; sourceTree = "<group>"; };
		720996031F8BEE650014315F /* AZSClient-Prefix.pch */ = {isa = PBXFileReference; fileEncoding = 4; lastKnownFileType = sourcecode.c.h; name = "AZSClient-Prefix.pch"; path = "../../../azure-storage-ios-master/Lib/Azure Storage Client Library/Azure Storage Client Library/AZSClient-Prefix.pch"; sourceTree = "<group>"; };
		720996041F8BEE650014315F /* AZSRetryInfo.m */ = {isa = PBXFileReference; fileEncoding = 4; lastKnownFileType = sourcecode.c.objc; name = AZSRetryInfo.m; path = "../../../azure-storage-ios-master/Lib/Azure Storage Client Library/Azure Storage Client Library/AZSRetryInfo.m"; sourceTree = "<group>"; };
		720996051F8BEE650014315F /* AZSStorageCredentials.m */ = {isa = PBXFileReference; fileEncoding = 4; lastKnownFileType = sourcecode.c.objc; name = AZSStorageCredentials.m; path = "../../../azure-storage-ios-master/Lib/Azure Storage Client Library/Azure Storage Client Library/AZSStorageCredentials.m"; sourceTree = "<group>"; };
		720996061F8BEE650014315F /* AZSCloudBlobContainer.h */ = {isa = PBXFileReference; fileEncoding = 4; lastKnownFileType = sourcecode.c.h; name = AZSCloudBlobContainer.h; path = "../../../azure-storage-ios-master/Lib/Azure Storage Client Library/Azure Storage Client Library/AZSCloudBlobContainer.h"; sourceTree = "<group>"; };
		720996071F8BEE650014315F /* AZSSharedAccessHeaders.m */ = {isa = PBXFileReference; fileEncoding = 4; lastKnownFileType = sourcecode.c.objc; name = AZSSharedAccessHeaders.m; path = "../../../azure-storage-ios-master/Lib/Azure Storage Client Library/Azure Storage Client Library/AZSSharedAccessHeaders.m"; sourceTree = "<group>"; };
		720996081F8BEE650014315F /* AZSOperationContext.h */ = {isa = PBXFileReference; fileEncoding = 4; lastKnownFileType = sourcecode.c.h; name = AZSOperationContext.h; path = "../../../azure-storage-ios-master/Lib/Azure Storage Client Library/Azure Storage Client Library/AZSOperationContext.h"; sourceTree = "<group>"; };
		720996091F8BEE650014315F /* AZSServiceProperties.m */ = {isa = PBXFileReference; fileEncoding = 4; lastKnownFileType = sourcecode.c.objc; name = AZSServiceProperties.m; path = "../../../azure-storage-ios-master/Lib/Azure Storage Client Library/Azure Storage Client Library/AZSServiceProperties.m"; sourceTree = "<group>"; };
		7209960A1F8BEE650014315F /* AZSBlobRequestFactory.m */ = {isa = PBXFileReference; fileEncoding = 4; lastKnownFileType = sourcecode.c.objc; name = AZSBlobRequestFactory.m; path = "../../../azure-storage-ios-master/Lib/Azure Storage Client Library/Azure Storage Client Library/AZSBlobRequestFactory.m"; sourceTree = "<group>"; };
		7209960B1F8BEE650014315F /* AZSBlobRequestXML.h */ = {isa = PBXFileReference; fileEncoding = 4; lastKnownFileType = sourcecode.c.h; name = AZSBlobRequestXML.h; path = "../../../azure-storage-ios-master/Lib/Azure Storage Client Library/Azure Storage Client Library/AZSBlobRequestXML.h"; sourceTree = "<group>"; };
		7209960C1F8BEE660014315F /* AZSBlobProperties.h */ = {isa = PBXFileReference; fileEncoding = 4; lastKnownFileType = sourcecode.c.h; name = AZSBlobProperties.h; path = "../../../azure-storage-ios-master/Lib/Azure Storage Client Library/Azure Storage Client Library/AZSBlobProperties.h"; sourceTree = "<group>"; };
		7209960D1F8BEE660014315F /* AZSCloudPageBlob.m */ = {isa = PBXFileReference; fileEncoding = 4; lastKnownFileType = sourcecode.c.objc; name = AZSCloudPageBlob.m; path = "../../../azure-storage-ios-master/Lib/Azure Storage Client Library/Azure Storage Client Library/AZSCloudPageBlob.m"; sourceTree = "<group>"; };
		7209960E1F8BEE660014315F /* AZSCloudBlobDirectory.h */ = {isa = PBXFileReference; fileEncoding = 4; lastKnownFileType = sourcecode.c.h; name = AZSCloudBlobDirectory.h; path = "../../../azure-storage-ios-master/Lib/Azure Storage Client Library/Azure Storage Client Library/AZSCloudBlobDirectory.h"; sourceTree = "<group>"; };
		7209960F1F8BEE660014315F /* AZSLoggingProperties.m */ = {isa = PBXFileReference; fileEncoding = 4; lastKnownFileType = sourcecode.c.objc; name = AZSLoggingProperties.m; path = "../../../azure-storage-ios-master/Lib/Azure Storage Client Library/Azure Storage Client Library/AZSLoggingProperties.m"; sourceTree = "<group>"; };
		720996101F8BEE660014315F /* AZSStorageCommand.m */ = {isa = PBXFileReference; fileEncoding = 4; lastKnownFileType = sourcecode.c.objc; name = AZSStorageCommand.m; path = "../../../azure-storage-ios-master/Lib/Azure Storage Client Library/Azure Storage Client Library/AZSStorageCommand.m"; sourceTree = "<group>"; };
		720996111F8BEE660014315F /* AZSContinuationToken.h */ = {isa = PBXFileReference; fileEncoding = 4; lastKnownFileType = sourcecode.c.h; name = AZSContinuationToken.h; path = "../../../azure-storage-ios-master/Lib/Azure Storage Client Library/Azure Storage Client Library/AZSContinuationToken.h"; sourceTree = "<group>"; };
		720996121F8BEE660014315F /* AZSStorageCommand.h */ = {isa = PBXFileReference; fileEncoding = 4; lastKnownFileType = sourcecode.c.h; name = AZSStorageCommand.h; path = "../../../azure-storage-ios-master/Lib/Azure Storage Client Library/Azure Storage Client Library/AZSStorageCommand.h"; sourceTree = "<group>"; };
		720996131F8BEE660014315F /* AZSResponseParser.m */ = {isa = PBXFileReference; fileEncoding = 4; lastKnownFileType = sourcecode.c.objc; name = AZSResponseParser.m; path = "../../../azure-storage-ios-master/Lib/Azure Storage Client Library/Azure Storage Client Library/AZSResponseParser.m"; sourceTree = "<group>"; };
		720996141F8BEE660014315F /* AZSRetryContext.m */ = {isa = PBXFileReference; fileEncoding = 4; lastKnownFileType = sourcecode.c.objc; name = AZSRetryContext.m; path = "../../../azure-storage-ios-master/Lib/Azure Storage Client Library/Azure Storage Client Library/AZSRetryContext.m"; sourceTree = "<group>"; };
		720996151F8BEE660014315F /* AZSUriQueryBuilder.m */ = {isa = PBXFileReference; fileEncoding = 4; lastKnownFileType = sourcecode.c.objc; name = AZSUriQueryBuilder.m; path = "../../../azure-storage-ios-master/Lib/Azure Storage Client Library/Azure Storage Client Library/AZSUriQueryBuilder.m"; sourceTree = "<group>"; };
		720996161F8BEE660014315F /* AZSCloudStorageAccount.h */ = {isa = PBXFileReference; fileEncoding = 4; lastKnownFileType = sourcecode.c.h; name = AZSCloudStorageAccount.h; path = "../../../azure-storage-ios-master/Lib/Azure Storage Client Library/Azure Storage Client Library/AZSCloudStorageAccount.h"; sourceTree = "<group>"; };
		720996171F8BEE660014315F /* AZSAuthenticationHandler.h */ = {isa = PBXFileReference; fileEncoding = 4; lastKnownFileType = sourcecode.c.h; name = AZSAuthenticationHandler.h; path = "../../../azure-storage-ios-master/Lib/Azure Storage Client Library/Azure Storage Client Library/AZSAuthenticationHandler.h"; sourceTree = "<group>"; };
		720996181F8BEE660014315F /* AZSCorsRule.m */ = {isa = PBXFileReference; fileEncoding = 4; lastKnownFileType = sourcecode.c.objc; name = AZSCorsRule.m; path = "../../../azure-storage-ios-master/Lib/Azure Storage Client Library/Azure Storage Client Library/AZSCorsRule.m"; sourceTree = "<group>"; };
		720996191F8BEE660014315F /* AZSBlobRequestFactory.h */ = {isa = PBXFileReference; fileEncoding = 4; lastKnownFileType = sourcecode.c.h; name = AZSBlobRequestFactory.h; path = "../../../azure-storage-ios-master/Lib/Azure Storage Client Library/Azure Storage Client Library/AZSBlobRequestFactory.h"; sourceTree = "<group>"; };
		7209961A1F8BEE660014315F /* AZSUriQueryBuilder.h */ = {isa = PBXFileReference; fileEncoding = 4; lastKnownFileType = sourcecode.c.h; name = AZSUriQueryBuilder.h; path = "../../../azure-storage-ios-master/Lib/Azure Storage Client Library/Azure Storage Client Library/AZSUriQueryBuilder.h"; sourceTree = "<group>"; };
		7209961B1F8BEE660014315F /* AZSClient.h */ = {isa = PBXFileReference; fileEncoding = 4; lastKnownFileType = sourcecode.c.h; name = AZSClient.h; path = "../../../azure-storage-ios-master/Lib/Azure Storage Client Library/Azure Storage Client Library/AZSClient.h"; sourceTree = "<group>"; };
		7209961C1F8BEE670014315F /* AZSResultSegment.m */ = {isa = PBXFileReference; fileEncoding = 4; lastKnownFileType = sourcecode.c.objc; name = AZSResultSegment.m; path = "../../../azure-storage-ios-master/Lib/Azure Storage Client Library/Azure Storage Client Library/AZSResultSegment.m"; sourceTree = "<group>"; };
		7209961D1F8BEE670014315F /* AZSResponseParser.h */ = {isa = PBXFileReference; fileEncoding = 4; lastKnownFileType = sourcecode.c.h; name = AZSResponseParser.h; path = "../../../azure-storage-ios-master/Lib/Azure Storage Client Library/Azure Storage Client Library/AZSResponseParser.h"; sourceTree = "<group>"; };
		7209961E1F8BEE670014315F /* AZSBlobUploadHelper.m */ = {isa = PBXFileReference; fileEncoding = 4; lastKnownFileType = sourcecode.c.objc; name = AZSBlobUploadHelper.m; path = "../../../azure-storage-ios-master/Lib/Azure Storage Client Library/Azure Storage Client Library/AZSBlobUploadHelper.m"; sourceTree = "<group>"; };
		7209961F1F8BEE670014315F /* AZSSharedAccessAccountParameters.h */ = {isa = PBXFileReference; fileEncoding = 4; lastKnownFileType = sourcecode.c.h; name = AZSSharedAccessAccountParameters.h; path = "../../../azure-storage-ios-master/Lib/Azure Storage Client Library/Azure Storage Client Library/AZSSharedAccessAccountParameters.h"; sourceTree = "<group>"; };
		720996201F8BEE670014315F /* AZSIPRange.h */ = {isa = PBXFileReference; fileEncoding = 4; lastKnownFileType = sourcecode.c.h; name = AZSIPRange.h; path = "../../../azure-storage-ios-master/Lib/Azure Storage Client Library/Azure Storage Client Library/AZSIPRange.h"; sourceTree = "<group>"; };
		720996211F8BEE670014315F /* AZSStorageUri.h */ = {isa = PBXFileReference; fileEncoding = 4; lastKnownFileType = sourcecode.c.h; name = AZSStorageUri.h; path = "../../../azure-storage-ios-master/Lib/Azure Storage Client Library/Azure Storage Client Library/AZSStorageUri.h"; sourceTree = "<group>"; };
		720996221F8BEE670014315F /* AZSCloudAppendBlob.m */ = {isa = PBXFileReference; fileEncoding = 4; lastKnownFileType = sourcecode.c.objc; name = AZSCloudAppendBlob.m; path = "../../../azure-storage-ios-master/Lib/Azure Storage Client Library/Azure Storage Client Library/AZSCloudAppendBlob.m"; sourceTree = "<group>"; };
		720996231F8BEE670014315F /* AZSSharedAccessBlobParameters.h */ = {isa = PBXFileReference; fileEncoding = 4; lastKnownFileType = sourcecode.c.h; name = AZSSharedAccessBlobParameters.h; path = "../../../azure-storage-ios-master/Lib/Azure Storage Client Library/Azure Storage Client Library/AZSSharedAccessBlobParameters.h"; sourceTree = "<group>"; };
		720996241F8BEE670014315F /* AZSBlobProperties.m */ = {isa = PBXFileReference; fileEncoding = 4; lastKnownFileType = sourcecode.c.objc; name = AZSBlobProperties.m; path = "../../../azure-storage-ios-master/Lib/Azure Storage Client Library/Azure Storage Client Library/AZSBlobProperties.m"; sourceTree = "<group>"; };
		720996251F8BEE670014315F /* AZSSharedAccessPolicy.m */ = {isa = PBXFileReference; fileEncoding = 4; lastKnownFileType = sourcecode.c.objc; name = AZSSharedAccessPolicy.m; path = "../../../azure-storage-ios-master/Lib/Azure Storage Client Library/Azure Storage Client Library/AZSSharedAccessPolicy.m"; sourceTree = "<group>"; };
		720996261F8BEE670014315F /* AZSCloudBlob.h */ = {isa = PBXFileReference; fileEncoding = 4; lastKnownFileType = sourcecode.c.h; name = AZSCloudBlob.h; path = "../../../azure-storage-ios-master/Lib/Azure Storage Client Library/Azure Storage Client Library/AZSCloudBlob.h"; sourceTree = "<group>"; };
		720996271F8BEE670014315F /* AZSRequestFactory.h */ = {isa = PBXFileReference; fileEncoding = 4; lastKnownFileType = sourcecode.c.h; name = AZSRequestFactory.h; path = "../../../azure-storage-ios-master/Lib/Azure Storage Client Library/Azure Storage Client Library/AZSRequestFactory.h"; sourceTree = "<group>"; };
		720996281F8BEE670014315F /* AZSStorageUri.m */ = {isa = PBXFileReference; fileEncoding = 4; lastKnownFileType = sourcecode.c.objc; name = AZSStorageUri.m; path = "../../../azure-storage-ios-master/Lib/Azure Storage Client Library/Azure Storage Client Library/AZSStorageUri.m"; sourceTree = "<group>"; };
		720996291F8BEE670014315F /* AZSCloudBlockBlob.h */ = {isa = PBXFileReference; fileEncoding = 4; lastKnownFileType = sourcecode.c.h; name = AZSCloudBlockBlob.h; path = "../../../azure-storage-ios-master/Lib/Azure Storage Client Library/Azure Storage Client Library/AZSCloudBlockBlob.h"; sourceTree = "<group>"; };
		7209962A1F8BEE670014315F /* AZSCloudStorageAccount.m */ = {isa = PBXFileReference; fileEncoding = 4; lastKnownFileType = sourcecode.c.objc; name = AZSCloudStorageAccount.m; path = "../../../azure-storage-ios-master/Lib/Azure Storage Client Library/Azure Storage Client Library/AZSCloudStorageAccount.m"; sourceTree = "<group>"; };
		7209962B1F8BEE670014315F /* AZSExecutor.h */ = {isa = PBXFileReference; fileEncoding = 4; lastKnownFileType = sourcecode.c.h; name = AZSExecutor.h; path = "../../../azure-storage-ios-master/Lib/Azure Storage Client Library/Azure Storage Client Library/AZSExecutor.h"; sourceTree = "<group>"; };
		7209962C1F8BEE680014315F /* AZSExecutor.m */ = {isa = PBXFileReference; fileEncoding = 4; lastKnownFileType = sourcecode.c.objc; name = AZSExecutor.m; path = "../../../azure-storage-ios-master/Lib/Azure Storage Client Library/Azure Storage Client Library/AZSExecutor.m"; sourceTree = "<group>"; };
		7209962D1F8BEE680014315F /* AZSUtil.h */ = {isa = PBXFileReference; fileEncoding = 4; lastKnownFileType = sourcecode.c.h; name = AZSUtil.h; path = "../../../azure-storage-ios-master/Lib/Azure Storage Client Library/Azure Storage Client Library/AZSUtil.h"; sourceTree = "<group>"; };
		7209962E1F8BEE680014315F /* AZSOperationContext.m */ = {isa = PBXFileReference; fileEncoding = 4; lastKnownFileType = sourcecode.c.objc; name = AZSOperationContext.m; path = "../../../azure-storage-ios-master/Lib/Azure Storage Client Library/Azure Storage Client Library/AZSOperationContext.m"; sourceTree = "<group>"; };
		7209962F1F8BEE680014315F /* AZSBlobOutputStream.h */ = {isa = PBXFileReference; fileEncoding = 4; lastKnownFileType = sourcecode.c.h; name = AZSBlobOutputStream.h; path = "../../../azure-storage-ios-master/Lib/Azure Storage Client Library/Azure Storage Client Library/AZSBlobOutputStream.h"; sourceTree = "<group>"; };
		720996301F8BEE680014315F /* AZSBlobUploadHelper.h */ = {isa = PBXFileReference; fileEncoding = 4; lastKnownFileType = sourcecode.c.h; name = AZSBlobUploadHelper.h; path = "../../../azure-storage-ios-master/Lib/Azure Storage Client Library/Azure Storage Client Library/AZSBlobUploadHelper.h"; sourceTree = "<group>"; };
		720996311F8BEE680014315F /* AZSEnums.h */ = {isa = PBXFileReference; fileEncoding = 4; lastKnownFileType = sourcecode.c.h; name = AZSEnums.h; path = "../../../azure-storage-ios-master/Lib/Azure Storage Client Library/Azure Storage Client Library/AZSEnums.h"; sourceTree = "<group>"; };
		720996321F8BEE680014315F /* AZSCloudClient.m */ = {isa = PBXFileReference; fileEncoding = 4; lastKnownFileType = sourcecode.c.objc; name = AZSCloudClient.m; path = "../../../azure-storage-ios-master/Lib/Azure Storage Client Library/Azure Storage Client Library/AZSCloudClient.m"; sourceTree = "<group>"; };
		720996331F8BEE680014315F /* AZSErrors.m */ = {isa = PBXFileReference; fileEncoding = 4; lastKnownFileType = sourcecode.c.objc; name = AZSErrors.m; path = "../../../azure-storage-ios-master/Lib/Azure Storage Client Library/Azure Storage Client Library/AZSErrors.m"; sourceTree = "<group>"; };
		720996341F8BEE680014315F /* AZSRequestOptions.h */ = {isa = PBXFileReference; fileEncoding = 4; lastKnownFileType = sourcecode.c.h; name = AZSRequestOptions.h; path = "../../../azure-storage-ios-master/Lib/Azure Storage Client Library/Azure Storage Client Library/AZSRequestOptions.h"; sourceTree = "<group>"; };
		720996351F8BEE680014315F /* AZSRetryContext.h */ = {isa = PBXFileReference; fileEncoding = 4; lastKnownFileType = sourcecode.c.h; name = AZSRetryContext.h; path = "../../../azure-storage-ios-master/Lib/Azure Storage Client Library/Azure Storage Client Library/AZSRetryContext.h"; sourceTree = "<group>"; };
		720996361F8BEE680014315F /* AZSRetryPolicy.m */ = {isa = PBXFileReference; fileEncoding = 4; lastKnownFileType = sourcecode.c.objc; name = AZSRetryPolicy.m; path = "../../../azure-storage-ios-master/Lib/Azure Storage Client Library/Azure Storage Client Library/AZSRetryPolicy.m"; sourceTree = "<group>"; };
		720996371F8BEE680014315F /* AZSSharedAccessSignatureHelper.h */ = {isa = PBXFileReference; fileEncoding = 4; lastKnownFileType = sourcecode.c.h; name = AZSSharedAccessSignatureHelper.h; path = "../../../azure-storage-ios-master/Lib/Azure Storage Client Library/Azure Storage Client Library/AZSSharedAccessSignatureHelper.h"; sourceTree = "<group>"; };
		720996381F8BEE680014315F /* AZSRetryPolicy.h */ = {isa = PBXFileReference; fileEncoding = 4; lastKnownFileType = sourcecode.c.h; name = AZSRetryPolicy.h; path = "../../../azure-storage-ios-master/Lib/Azure Storage Client Library/Azure Storage Client Library/AZSRetryPolicy.h"; sourceTree = "<group>"; };
		720996391F8BEE680014315F /* AZSCloudBlobClient.m */ = {isa = PBXFileReference; fileEncoding = 4; lastKnownFileType = sourcecode.c.objc; name = AZSCloudBlobClient.m; path = "../../../azure-storage-ios-master/Lib/Azure Storage Client Library/Azure Storage Client Library/AZSCloudBlobClient.m"; sourceTree = "<group>"; };
		7209963A1F8BEE680014315F /* AZSNavigationUtil.m */ = {isa = PBXFileReference; fileEncoding = 4; lastKnownFileType = sourcecode.c.objc; name = AZSNavigationUtil.m; path = "../../../azure-storage-ios-master/Lib/Azure Storage Client Library/Azure Storage Client Library/AZSNavigationUtil.m"; sourceTree = "<group>"; };
		7209963B1F8BEE680014315F /* AZSRequestResult.m */ = {isa = PBXFileReference; fileEncoding = 4; lastKnownFileType = sourcecode.c.objc; name = AZSRequestResult.m; path = "../../../azure-storage-ios-master/Lib/Azure Storage Client Library/Azure Storage Client Library/AZSRequestResult.m"; sourceTree = "<group>"; };
		7209963C1F8BEE690014315F /* AZSRequestOptions.m */ = {isa = PBXFileReference; fileEncoding = 4; lastKnownFileType = sourcecode.c.objc; name = AZSRequestOptions.m; path = "../../../azure-storage-ios-master/Lib/Azure Storage Client Library/Azure Storage Client Library/AZSRequestOptions.m"; sourceTree = "<group>"; };
		7209963D1F8BEE690014315F /* AZSSharedAccessSignatureHelper.m */ = {isa = PBXFileReference; fileEncoding = 4; lastKnownFileType = sourcecode.c.objc; name = AZSSharedAccessSignatureHelper.m; path = "../../../azure-storage-ios-master/Lib/Azure Storage Client Library/Azure Storage Client Library/AZSSharedAccessSignatureHelper.m"; sourceTree = "<group>"; };
		7209963E1F8BEE690014315F /* AZSConstants.m */ = {isa = PBXFileReference; fileEncoding = 4; lastKnownFileType = sourcecode.c.objc; name = AZSConstants.m; path = "../../../azure-storage-ios-master/Lib/Azure Storage Client Library/Azure Storage Client Library/AZSConstants.m"; sourceTree = "<group>"; };
		7209963F1F8BEE690014315F /* AZSMacros.h */ = {isa = PBXFileReference; fileEncoding = 4; lastKnownFileType = sourcecode.c.h; name = AZSMacros.h; path = "../../../azure-storage-ios-master/Lib/Azure Storage Client Library/Azure Storage Client Library/AZSMacros.h"; sourceTree = "<group>"; };
		720996401F8BEE690014315F /* AZSRetryInfo.h */ = {isa = PBXFileReference; fileEncoding = 4; lastKnownFileType = sourcecode.c.h; name = AZSRetryInfo.h; path = "../../../azure-storage-ios-master/Lib/Azure Storage Client Library/Azure Storage Client Library/AZSRetryInfo.h"; sourceTree = "<group>"; };
		720996411F8BEE690014315F /* AZSCloudPageBlob.h */ = {isa = PBXFileReference; fileEncoding = 4; lastKnownFileType = sourcecode.c.h; name = AZSCloudPageBlob.h; path = "../../../azure-storage-ios-master/Lib/Azure Storage Client Library/Azure Storage Client Library/AZSCloudPageBlob.h"; sourceTree = "<group>"; };
		720996421F8BEE690014315F /* AZSIPRange.m */ = {isa = PBXFileReference; fileEncoding = 4; lastKnownFileType = sourcecode.c.objc; name = AZSIPRange.m; path = "../../../azure-storage-ios-master/Lib/Azure Storage Client Library/Azure Storage Client Library/AZSIPRange.m"; sourceTree = "<group>"; };
		720996431F8BEE690014315F /* AZSAccessCondition.m */ = {isa = PBXFileReference; fileEncoding = 4; lastKnownFileType = sourcecode.c.objc; name = AZSAccessCondition.m; path = "../../../azure-storage-ios-master/Lib/Azure Storage Client Library/Azure Storage Client Library/AZSAccessCondition.m"; sourceTree = "<group>"; };
		720996441F8BEE690014315F /* AZSAccessCondition.h */ = {isa = PBXFileReference; fileEncoding = 4; lastKnownFileType = sourcecode.c.h; name = AZSAccessCondition.h; path = "../../../azure-storage-ios-master/Lib/Azure Storage Client Library/Azure Storage Client Library/AZSAccessCondition.h"; sourceTree = "<group>"; };
		720996451F8BEE690014315F /* AZSCloudAppendBlob.h */ = {isa = PBXFileReference; fileEncoding = 4; lastKnownFileType = sourcecode.c.h; name = AZSCloudAppendBlob.h; path = "../../../azure-storage-ios-master/Lib/Azure Storage Client Library/Azure Storage Client Library/AZSCloudAppendBlob.h"; sourceTree = "<group>"; };
		720996461F8BEE690014315F /* AZSSharedAccessPolicy.h */ = {isa = PBXFileReference; fileEncoding = 4; lastKnownFileType = sourcecode.c.h; name = AZSSharedAccessPolicy.h; path = "../../../azure-storage-ios-master/Lib/Azure Storage Client Library/Azure Storage Client Library/AZSSharedAccessPolicy.h"; sourceTree = "<group>"; };
		720996471F8BEE690014315F /* AZSCloudClient.h */ = {isa = PBXFileReference; fileEncoding = 4; lastKnownFileType = sourcecode.c.h; name = AZSCloudClient.h; path = "../../../azure-storage-ios-master/Lib/Azure Storage Client Library/Azure Storage Client Library/AZSCloudClient.h"; sourceTree = "<group>"; };
		720996481F8BEE690014315F /* AZSCloudBlob.m */ = {isa = PBXFileReference; fileEncoding = 4; lastKnownFileType = sourcecode.c.objc; name = AZSCloudBlob.m; path = "../../../azure-storage-ios-master/Lib/Azure Storage Client Library/Azure Storage Client Library/AZSCloudBlob.m"; sourceTree = "<group>"; };
		7209967E1F8BF54B0014315F /* libxml2.tbd */ = {isa = PBXFileReference; lastKnownFileType = "sourcecode.text-based-dylib-definition"; name = libxml2.tbd; path = usr/lib/libxml2.tbd; sourceTree = SDKROOT; };
		720996811F8BF5DB0014315F /* Values.swift */ = {isa = PBXFileReference; lastKnownFileType = sourcecode.swift; path = Values.swift; sourceTree = "<group>"; };
/* End PBXFileReference section */

/* Begin PBXFrameworksBuildPhase section */
		720995C21F8BEDD80014315F /* Frameworks */ = {
			isa = PBXFrameworksBuildPhase;
			buildActionMask = 2147483647;
			files = (
				7209967F1F8BF55C0014315F /* libxml2.tbd in Frameworks */,
			);
			runOnlyForDeploymentPostprocessing = 0;
		};
/* End PBXFrameworksBuildPhase section */

/* Begin PBXGroup section */
		720995BC1F8BEDD80014315F = {
			isa = PBXGroup;
			children = (
				720995C71F8BEDD80014315F /* AzureStorageExample */,
				720995C61F8BEDD80014315F /* Products */,
				7209967D1F8BF54B0014315F /* Frameworks */,
			);
			sourceTree = "<group>";
		};
		720995C61F8BEDD80014315F /* Products */ = {
			isa = PBXGroup;
			children = (
				720995C51F8BEDD80014315F /* AzureStorageExample.app */,
			);
			name = Products;
			sourceTree = "<group>";
		};
		720995C71F8BEDD80014315F /* AzureStorageExample */ = {
			isa = PBXGroup;
			children = (
				720995DA1F8BEDE10014315F /* Azure Storage */,
				720995C81F8BEDD80014315F /* AppDelegate.swift */,
				720995DB1F8BEE620014315F /* AzureStorageExample-Bridging-Header.h */,
				720995CA1F8BEDD80014315F /* ViewController.swift */,
				720995CC1F8BEDD80014315F /* Main.storyboard */,
				720995CF1F8BEDD80014315F /* Assets.xcassets */,
				720995D11F8BEDD80014315F /* LaunchScreen.storyboard */,
				720995D41F8BEDD80014315F /* Info.plist */,
				720996811F8BF5DB0014315F /* Values.swift */,
			);
			path = AzureStorageExample;
			sourceTree = "<group>";
		};
		720995DA1F8BEDE10014315F /* Azure Storage */ = {
			isa = PBXGroup;
			children = (
				720996441F8BEE690014315F /* AZSAccessCondition.h */,
				720996431F8BEE690014315F /* AZSAccessCondition.m */,
				720996171F8BEE660014315F /* AZSAuthenticationHandler.h */,
				720996001F8BEE650014315F /* AZSBlobContainerProperties.h */,
				720995F31F8BEE640014315F /* AZSBlobContainerProperties.m */,
				7209962F1F8BEE680014315F /* AZSBlobOutputStream.h */,
				720995F41F8BEE640014315F /* AZSBlobOutputStream.m */,
				7209960C1F8BEE660014315F /* AZSBlobProperties.h */,
				720996241F8BEE670014315F /* AZSBlobProperties.m */,
				720996191F8BEE660014315F /* AZSBlobRequestFactory.h */,
				7209960A1F8BEE650014315F /* AZSBlobRequestFactory.m */,
				720995E21F8BEE630014315F /* AZSBlobRequestOptions.h */,
				720995DF1F8BEE630014315F /* AZSBlobRequestOptions.m */,
				7209960B1F8BEE650014315F /* AZSBlobRequestXML.h */,
				720995FE1F8BEE650014315F /* AZSBlobRequestXML.m */,
				720995F71F8BEE640014315F /* AZSBlobResponseParser.h */,
				720995EF1F8BEE640014315F /* AZSBlobResponseParser.m */,
				720996301F8BEE680014315F /* AZSBlobUploadHelper.h */,
				7209961E1F8BEE670014315F /* AZSBlobUploadHelper.m */,
				720995E01F8BEE630014315F /* AZSBlockListItem.h */,
				720995DC1F8BEE620014315F /* AZSBlockListItem.m */,
				720996031F8BEE650014315F /* AZSClient-Prefix.pch */,
				7209961B1F8BEE660014315F /* AZSClient.h */,
				720995E61F8BEE630014315F /* AZSClient.m */,
				720996451F8BEE690014315F /* AZSCloudAppendBlob.h */,
				720996221F8BEE670014315F /* AZSCloudAppendBlob.m */,
				720996261F8BEE670014315F /* AZSCloudBlob.h */,
				720996481F8BEE690014315F /* AZSCloudBlob.m */,
				720995E11F8BEE630014315F /* AZSCloudBlobClient.h */,
				720996391F8BEE680014315F /* AZSCloudBlobClient.m */,
				720996061F8BEE650014315F /* AZSCloudBlobContainer.h */,
				720995EC1F8BEE630014315F /* AZSCloudBlobContainer.m */,
				7209960E1F8BEE660014315F /* AZSCloudBlobDirectory.h */,
				720995E31F8BEE630014315F /* AZSCloudBlobDirectory.m */,
				720996291F8BEE670014315F /* AZSCloudBlockBlob.h */,
				720995FB1F8BEE640014315F /* AZSCloudBlockBlob.m */,
				720996471F8BEE690014315F /* AZSCloudClient.h */,
				720996321F8BEE680014315F /* AZSCloudClient.m */,
				720996411F8BEE690014315F /* AZSCloudPageBlob.h */,
				7209960D1F8BEE660014315F /* AZSCloudPageBlob.m */,
				720996161F8BEE660014315F /* AZSCloudStorageAccount.h */,
				7209962A1F8BEE670014315F /* AZSCloudStorageAccount.m */,
				720995FF1F8BEE650014315F /* AZSConstants.h */,
				7209963E1F8BEE690014315F /* AZSConstants.m */,
				720996111F8BEE660014315F /* AZSContinuationToken.h */,
				720995F01F8BEE640014315F /* AZSContinuationToken.m */,
				720995ED1F8BEE630014315F /* AZSCopyState.h */,
				720995EA1F8BEE630014315F /* AZSCopyState.m */,
				720995F51F8BEE640014315F /* AZSCorsRule.h */,
				720996181F8BEE660014315F /* AZSCorsRule.m */,
				720996311F8BEE680014315F /* AZSEnums.h */,
				720995F21F8BEE640014315F /* AZSErrors.h */,
				720996331F8BEE680014315F /* AZSErrors.m */,
				7209962B1F8BEE670014315F /* AZSExecutor.h */,
				7209962C1F8BEE680014315F /* AZSExecutor.m */,
				720996201F8BEE670014315F /* AZSIPRange.h */,
				720996421F8BEE690014315F /* AZSIPRange.m */,
				720995F81F8BEE640014315F /* AZSLoggingProperties.h */,
				7209960F1F8BEE660014315F /* AZSLoggingProperties.m */,
				7209963F1F8BEE690014315F /* AZSMacros.h */,
				720995E51F8BEE630014315F /* AZSMetricsProperties.h */,
				720995E81F8BEE630014315F /* AZSMetricsProperties.m */,
				720995FA1F8BEE640014315F /* AZSNavigationUtil.h */,
				7209963A1F8BEE680014315F /* AZSNavigationUtil.m */,
				720995DE1F8BEE630014315F /* AZSNoOpAuthenticationHandler.h */,
				720995E41F8BEE630014315F /* AZSNoOpAuthenticationHandler.m */,
				720996081F8BEE650014315F /* AZSOperationContext.h */,
				7209962E1F8BEE680014315F /* AZSOperationContext.m */,
				720996271F8BEE670014315F /* AZSRequestFactory.h */,
				720995F11F8BEE640014315F /* AZSRequestFactory.m */,
				720996341F8BEE680014315F /* AZSRequestOptions.h */,
				7209963C1F8BEE690014315F /* AZSRequestOptions.m */,
				720995FC1F8BEE650014315F /* AZSRequestResult.h */,
				7209963B1F8BEE680014315F /* AZSRequestResult.m */,
				7209961D1F8BEE670014315F /* AZSResponseParser.h */,
				720996131F8BEE660014315F /* AZSResponseParser.m */,
				720996021F8BEE650014315F /* AZSResultSegment.h */,
				7209961C1F8BEE670014315F /* AZSResultSegment.m */,
				720996351F8BEE680014315F /* AZSRetryContext.h */,
				720996141F8BEE660014315F /* AZSRetryContext.m */,
				720996401F8BEE690014315F /* AZSRetryInfo.h */,
				720996041F8BEE650014315F /* AZSRetryInfo.m */,
				720996381F8BEE680014315F /* AZSRetryPolicy.h */,
				720996361F8BEE680014315F /* AZSRetryPolicy.m */,
				720995EE1F8BEE630014315F /* AZSServiceProperties.h */,
				720996091F8BEE650014315F /* AZSServiceProperties.m */,
				7209961F1F8BEE670014315F /* AZSSharedAccessAccountParameters.h */,
				720995F91F8BEE640014315F /* AZSSharedAccessAccountParameters.m */,
				720996231F8BEE670014315F /* AZSSharedAccessBlobParameters.h */,
				720995EB1F8BEE630014315F /* AZSSharedAccessBlobParameters.m */,
				720995FD1F8BEE650014315F /* AZSSharedAccessHeaders.h */,
				720996071F8BEE650014315F /* AZSSharedAccessHeaders.m */,
				720996461F8BEE690014315F /* AZSSharedAccessPolicy.h */,
				720996251F8BEE670014315F /* AZSSharedAccessPolicy.m */,
				720996371F8BEE680014315F /* AZSSharedAccessSignatureHelper.h */,
				7209963D1F8BEE690014315F /* AZSSharedAccessSignatureHelper.m */,
				720996011F8BEE650014315F /* AZSSharedKeyBlobAuthenticationHandler.h */,
				720995F61F8BEE640014315F /* AZSSharedKeyBlobAuthenticationHandler.m */,
				720996121F8BEE660014315F /* AZSStorageCommand.h */,
				720996101F8BEE660014315F /* AZSStorageCommand.m */,
				720995DD1F8BEE620014315F /* AZSStorageCredentials.h */,
				720996051F8BEE650014315F /* AZSStorageCredentials.m */,
				720996211F8BEE670014315F /* AZSStorageUri.h */,
				720996281F8BEE670014315F /* AZSStorageUri.m */,
				720995E91F8BEE630014315F /* AZSULLRange.h */,
				7209961A1F8BEE660014315F /* AZSUriQueryBuilder.h */,
				720996151F8BEE660014315F /* AZSUriQueryBuilder.m */,
				7209962D1F8BEE680014315F /* AZSUtil.h */,
				720995E71F8BEE630014315F /* AZSUtil.m */,
			);
			path = "Azure Storage";
			sourceTree = "<group>";
		};
		7209967D1F8BF54B0014315F /* Frameworks */ = {
			isa = PBXGroup;
			children = (
				7209967E1F8BF54B0014315F /* libxml2.tbd */,
			);
			name = Frameworks;
			sourceTree = "<group>";
		};
/* End PBXGroup section */

/* Begin PBXNativeTarget section */
		720995C41F8BEDD80014315F /* AzureStorageExample */ = {
			isa = PBXNativeTarget;
			buildConfigurationList = 720995D71F8BEDD80014315F /* Build configuration list for PBXNativeTarget "AzureStorageExample" */;
			buildPhases = (
				720995C11F8BEDD80014315F /* Sources */,
				720995C21F8BEDD80014315F /* Frameworks */,
				720995C31F8BEDD80014315F /* Resources */,
			);
			buildRules = (
			);
			dependencies = (
			);
			name = AzureStorageExample;
			productName = AzureStorageExample;
			productReference = 720995C51F8BEDD80014315F /* AzureStorageExample.app */;
			productType = "com.apple.product-type.application";
		};
/* End PBXNativeTarget section */

/* Begin PBXProject section */
		720995BD1F8BEDD80014315F /* Project object */ = {
			isa = PBXProject;
			attributes = {
				LastSwiftUpdateCheck = 0910;
				LastUpgradeCheck = 0910;
				ORGANIZATIONNAME = "Dan Beaulieu";
				TargetAttributes = {
					720995C41F8BEDD80014315F = {
						CreatedOnToolsVersion = 9.1;
						LastSwiftMigration = 0910;
						ProvisioningStyle = Automatic;
					};
				};
			};
			buildConfigurationList = 720995C01F8BEDD80014315F /* Build configuration list for PBXProject "AzureStorageExample" */;
			compatibilityVersion = "Xcode 8.0";
			developmentRegion = en;
			hasScannedForEncodings = 0;
			knownRegions = (
				en,
				Base,
			);
			mainGroup = 720995BC1F8BEDD80014315F;
			productRefGroup = 720995C61F8BEDD80014315F /* Products */;
			projectDirPath = "";
			projectRoot = "";
			targets = (
				720995C41F8BEDD80014315F /* AzureStorageExample */,
			);
		};
/* End PBXProject section */

/* Begin PBXResourcesBuildPhase section */
		720995C31F8BEDD80014315F /* Resources */ = {
			isa = PBXResourcesBuildPhase;
			buildActionMask = 2147483647;
			files = (
				720995D31F8BEDD80014315F /* LaunchScreen.storyboard in Resources */,
				720995D01F8BEDD80014315F /* Assets.xcassets in Resources */,
				720995CE1F8BEDD80014315F /* Main.storyboard in Resources */,
			);
			runOnlyForDeploymentPostprocessing = 0;
		};
/* End PBXResourcesBuildPhase section */

/* Begin PBXSourcesBuildPhase section */
		720995C11F8BEDD80014315F /* Sources */ = {
			isa = PBXSourcesBuildPhase;
			buildActionMask = 2147483647;
			files = (
				7209964E1F8BEE690014315F /* AZSUtil.m in Sources */,
				7209967B1F8BEE690014315F /* AZSAccessCondition.m in Sources */,
				720996681F8BEE690014315F /* AZSResultSegment.m in Sources */,
				7209966E1F8BEE690014315F /* AZSCloudStorageAccount.m in Sources */,
				7209965A1F8BEE690014315F /* AZSCloudBlockBlob.m in Sources */,
				720996731F8BEE690014315F /* AZSRetryPolicy.m in Sources */,
				720996691F8BEE690014315F /* AZSBlobUploadHelper.m in Sources */,
				7209964D1F8BEE690014315F /* AZSClient.m in Sources */,
				7209964B1F8BEE690014315F /* AZSCloudBlobDirectory.m in Sources */,
				7209964F1F8BEE690014315F /* AZSMetricsProperties.m in Sources */,
				720996701F8BEE690014315F /* AZSOperationContext.m in Sources */,
				720996771F8BEE690014315F /* AZSRequestOptions.m in Sources */,
				7209965B1F8BEE690014315F /* AZSBlobRequestXML.m in Sources */,
				7209965E1F8BEE690014315F /* AZSSharedAccessHeaders.m in Sources */,
				7209966B1F8BEE690014315F /* AZSBlobProperties.m in Sources */,
				720996791F8BEE690014315F /* AZSConstants.m in Sources */,
				7209967A1F8BEE690014315F /* AZSIPRange.m in Sources */,
				720996781F8BEE690014315F /* AZSSharedAccessSignatureHelper.m in Sources */,
				720996561F8BEE690014315F /* AZSBlobContainerProperties.m in Sources */,
				7209966F1F8BEE690014315F /* AZSExecutor.m in Sources */,
				720996531F8BEE690014315F /* AZSBlobResponseParser.m in Sources */,
				7209964A1F8BEE690014315F /* AZSBlobRequestOptions.m in Sources */,
				720996661F8BEE690014315F /* AZSUriQueryBuilder.m in Sources */,
				720996521F8BEE690014315F /* AZSCloudBlobContainer.m in Sources */,
				720996671F8BEE690014315F /* AZSCorsRule.m in Sources */,
				720996751F8BEE690014315F /* AZSNavigationUtil.m in Sources */,
				720996551F8BEE690014315F /* AZSRequestFactory.m in Sources */,
				720996541F8BEE690014315F /* AZSContinuationToken.m in Sources */,
				720996491F8BEE690014315F /* AZSBlockListItem.m in Sources */,
				720996581F8BEE690014315F /* AZSSharedKeyBlobAuthenticationHandler.m in Sources */,
				7209966A1F8BEE690014315F /* AZSCloudAppendBlob.m in Sources */,
				720995CB1F8BEDD80014315F /* ViewController.swift in Sources */,
				720996821F8BF5DB0014315F /* Values.swift in Sources */,
				7209965F1F8BEE690014315F /* AZSServiceProperties.m in Sources */,
				720996501F8BEE690014315F /* AZSCopyState.m in Sources */,
				720996601F8BEE690014315F /* AZSBlobRequestFactory.m in Sources */,
				720996621F8BEE690014315F /* AZSLoggingProperties.m in Sources */,
				7209966D1F8BEE690014315F /* AZSStorageUri.m in Sources */,
				720996641F8BEE690014315F /* AZSResponseParser.m in Sources */,
				720996631F8BEE690014315F /* AZSStorageCommand.m in Sources */,
				720996571F8BEE690014315F /* AZSBlobOutputStream.m in Sources */,
				720996761F8BEE690014315F /* AZSRequestResult.m in Sources */,
				7209967C1F8BEE690014315F /* AZSCloudBlob.m in Sources */,
				7209965C1F8BEE690014315F /* AZSRetryInfo.m in Sources */,
				720996651F8BEE690014315F /* AZSRetryContext.m in Sources */,
				720996511F8BEE690014315F /* AZSSharedAccessBlobParameters.m in Sources */,
				720996611F8BEE690014315F /* AZSCloudPageBlob.m in Sources */,
				7209965D1F8BEE690014315F /* AZSStorageCredentials.m in Sources */,
				720996711F8BEE690014315F /* AZSCloudClient.m in Sources */,
				720996591F8BEE690014315F /* AZSSharedAccessAccountParameters.m in Sources */,
				720995C91F8BEDD80014315F /* AppDelegate.swift in Sources */,
				720996741F8BEE690014315F /* AZSCloudBlobClient.m in Sources */,
				720996721F8BEE690014315F /* AZSErrors.m in Sources */,
				7209964C1F8BEE690014315F /* AZSNoOpAuthenticationHandler.m in Sources */,
				7209966C1F8BEE690014315F /* AZSSharedAccessPolicy.m in Sources */,
			);
			runOnlyForDeploymentPostprocessing = 0;
		};
/* End PBXSourcesBuildPhase section */

/* Begin PBXVariantGroup section */
		720995CC1F8BEDD80014315F /* Main.storyboard */ = {
			isa = PBXVariantGroup;
			children = (
				720995CD1F8BEDD80014315F /* Base */,
			);
			name = Main.storyboard;
			sourceTree = "<group>";
		};
		720995D11F8BEDD80014315F /* LaunchScreen.storyboard */ = {
			isa = PBXVariantGroup;
			children = (
				720995D21F8BEDD80014315F /* Base */,
			);
			name = LaunchScreen.storyboard;
			sourceTree = "<group>";
		};
/* End PBXVariantGroup section */

/* Begin XCBuildConfiguration section */
		720995D51F8BEDD80014315F /* Debug */ = {
			isa = XCBuildConfiguration;
			buildSettings = {
				ALWAYS_SEARCH_USER_PATHS = NO;
				CLANG_ANALYZER_NONNULL = YES;
				CLANG_ANALYZER_NUMBER_OBJECT_CONVERSION = YES_AGGRESSIVE;
				CLANG_CXX_LANGUAGE_STANDARD = "gnu++14";
				CLANG_CXX_LIBRARY = "libc++";
				CLANG_ENABLE_MODULES = YES;
				CLANG_ENABLE_OBJC_ARC = YES;
				CLANG_WARN_BLOCK_CAPTURE_AUTORELEASING = YES;
				CLANG_WARN_BOOL_CONVERSION = YES;
				CLANG_WARN_COMMA = YES;
				CLANG_WARN_CONSTANT_CONVERSION = YES;
				CLANG_WARN_DIRECT_OBJC_ISA_USAGE = YES_ERROR;
				CLANG_WARN_DOCUMENTATION_COMMENTS = YES;
				CLANG_WARN_EMPTY_BODY = YES;
				CLANG_WARN_ENUM_CONVERSION = YES;
				CLANG_WARN_INFINITE_RECURSION = YES;
				CLANG_WARN_INT_CONVERSION = YES;
				CLANG_WARN_NON_LITERAL_NULL_CONVERSION = YES;
				CLANG_WARN_OBJC_LITERAL_CONVERSION = YES;
				CLANG_WARN_OBJC_ROOT_CLASS = YES_ERROR;
				CLANG_WARN_RANGE_LOOP_ANALYSIS = YES;
				CLANG_WARN_STRICT_PROTOTYPES = YES;
				CLANG_WARN_SUSPICIOUS_MOVE = YES;
				CLANG_WARN_UNGUARDED_AVAILABILITY = YES_AGGRESSIVE;
				CLANG_WARN_UNREACHABLE_CODE = YES;
				CLANG_WARN__DUPLICATE_METHOD_MATCH = YES;
				CODE_SIGN_IDENTITY = "iPhone Developer";
				COPY_PHASE_STRIP = NO;
				DEBUG_INFORMATION_FORMAT = dwarf;
				ENABLE_STRICT_OBJC_MSGSEND = YES;
				ENABLE_TESTABILITY = YES;
				GCC_C_LANGUAGE_STANDARD = gnu11;
				GCC_DYNAMIC_NO_PIC = NO;
				GCC_NO_COMMON_BLOCKS = YES;
				GCC_OPTIMIZATION_LEVEL = 0;
				GCC_PREPROCESSOR_DEFINITIONS = (
					"DEBUG=1",
					"$(inherited)",
				);
				GCC_WARN_64_TO_32_BIT_CONVERSION = YES;
				GCC_WARN_ABOUT_RETURN_TYPE = YES_ERROR;
				GCC_WARN_UNDECLARED_SELECTOR = YES;
				GCC_WARN_UNINITIALIZED_AUTOS = YES_AGGRESSIVE;
				GCC_WARN_UNUSED_FUNCTION = YES;
				GCC_WARN_UNUSED_VARIABLE = YES;
				IPHONEOS_DEPLOYMENT_TARGET = 11.1;
				MTL_ENABLE_DEBUG_INFO = YES;
				ONLY_ACTIVE_ARCH = YES;
				SDKROOT = iphoneos;
				SWIFT_ACTIVE_COMPILATION_CONDITIONS = DEBUG;
				SWIFT_OPTIMIZATION_LEVEL = "-Onone";
			};
			name = Debug;
		};
		720995D61F8BEDD80014315F /* Release */ = {
			isa = XCBuildConfiguration;
			buildSettings = {
				ALWAYS_SEARCH_USER_PATHS = NO;
				CLANG_ANALYZER_NONNULL = YES;
				CLANG_ANALYZER_NUMBER_OBJECT_CONVERSION = YES_AGGRESSIVE;
				CLANG_CXX_LANGUAGE_STANDARD = "gnu++14";
				CLANG_CXX_LIBRARY = "libc++";
				CLANG_ENABLE_MODULES = YES;
				CLANG_ENABLE_OBJC_ARC = YES;
				CLANG_WARN_BLOCK_CAPTURE_AUTORELEASING = YES;
				CLANG_WARN_BOOL_CONVERSION = YES;
				CLANG_WARN_COMMA = YES;
				CLANG_WARN_CONSTANT_CONVERSION = YES;
				CLANG_WARN_DIRECT_OBJC_ISA_USAGE = YES_ERROR;
				CLANG_WARN_DOCUMENTATION_COMMENTS = YES;
				CLANG_WARN_EMPTY_BODY = YES;
				CLANG_WARN_ENUM_CONVERSION = YES;
				CLANG_WARN_INFINITE_RECURSION = YES;
				CLANG_WARN_INT_CONVERSION = YES;
				CLANG_WARN_NON_LITERAL_NULL_CONVERSION = YES;
				CLANG_WARN_OBJC_LITERAL_CONVERSION = YES;
				CLANG_WARN_OBJC_ROOT_CLASS = YES_ERROR;
				CLANG_WARN_RANGE_LOOP_ANALYSIS = YES;
				CLANG_WARN_STRICT_PROTOTYPES = YES;
				CLANG_WARN_SUSPICIOUS_MOVE = YES;
				CLANG_WARN_UNGUARDED_AVAILABILITY = YES_AGGRESSIVE;
				CLANG_WARN_UNREACHABLE_CODE = YES;
				CLANG_WARN__DUPLICATE_METHOD_MATCH = YES;
				CODE_SIGN_IDENTITY = "iPhone Developer";
				COPY_PHASE_STRIP = NO;
				DEBUG_INFORMATION_FORMAT = "dwarf-with-dsym";
				ENABLE_NS_ASSERTIONS = NO;
				ENABLE_STRICT_OBJC_MSGSEND = YES;
				GCC_C_LANGUAGE_STANDARD = gnu11;
				GCC_NO_COMMON_BLOCKS = YES;
				GCC_WARN_64_TO_32_BIT_CONVERSION = YES;
				GCC_WARN_ABOUT_RETURN_TYPE = YES_ERROR;
				GCC_WARN_UNDECLARED_SELECTOR = YES;
				GCC_WARN_UNINITIALIZED_AUTOS = YES_AGGRESSIVE;
				GCC_WARN_UNUSED_FUNCTION = YES;
				GCC_WARN_UNUSED_VARIABLE = YES;
				IPHONEOS_DEPLOYMENT_TARGET = 11.1;
				MTL_ENABLE_DEBUG_INFO = NO;
				SDKROOT = iphoneos;
				SWIFT_OPTIMIZATION_LEVEL = "-Owholemodule";
				VALIDATE_PRODUCT = YES;
			};
			name = Release;
		};
		720995D81F8BEDD80014315F /* Debug */ = {
			isa = XCBuildConfiguration;
			buildSettings = {
				ASSETCATALOG_COMPILER_APPICON_NAME = AppIcon;
				CLANG_ENABLE_MODULES = YES;
				CODE_SIGN_STYLE = Automatic;
				DEVELOPMENT_TEAM = A37RV5JQQG;
				HEADER_SEARCH_PATHS = "${SDKROOT}/usr/include/libxml2";
				INFOPLIST_FILE = AzureStorageExample/Info.plist;
				LD_RUNPATH_SEARCH_PATHS = "$(inherited) @executable_path/Frameworks";
				PRODUCT_BUNDLE_IDENTIFIER = com.codebeaulieu.AzureStorageExample;
				PRODUCT_NAME = "$(TARGET_NAME)";
				SWIFT_OBJC_BRIDGING_HEADER = "AzureStorageExample/AzureStorageExample-Bridging-Header.h";
				SWIFT_OPTIMIZATION_LEVEL = "-Onone";
				SWIFT_VERSION = 4.0;
				TARGETED_DEVICE_FAMILY = "1,2";
				USER_HEADER_SEARCH_PATHS = "";
			};
			name = Debug;
		};
		720995D91F8BEDD80014315F /* Release */ = {
			isa = XCBuildConfiguration;
			buildSettings = {
				ASSETCATALOG_COMPILER_APPICON_NAME = AppIcon;
				CLANG_ENABLE_MODULES = YES;
				CODE_SIGN_STYLE = Automatic;
				DEVELOPMENT_TEAM = A37RV5JQQG;
				HEADER_SEARCH_PATHS = "${SDKROOT}/usr/include/libxml2";
				INFOPLIST_FILE = AzureStorageExample/Info.plist;
				LD_RUNPATH_SEARCH_PATHS = "$(inherited) @executable_path/Frameworks";
				PRODUCT_BUNDLE_IDENTIFIER = com.codebeaulieu.AzureStorageExample;
				PRODUCT_NAME = "$(TARGET_NAME)";
				SWIFT_OBJC_BRIDGING_HEADER = "AzureStorageExample/AzureStorageExample-Bridging-Header.h";
				SWIFT_VERSION = 4.0;
				TARGETED_DEVICE_FAMILY = "1,2";
				USER_HEADER_SEARCH_PATHS = "";
			};
			name = Release;
		};
/* End XCBuildConfiguration section */

/* Begin XCConfigurationList section */
		720995C01F8BEDD80014315F /* Build configuration list for PBXProject "AzureStorageExample" */ = {
			isa = XCConfigurationList;
			buildConfigurations = (
				720995D51F8BEDD80014315F /* Debug */,
				720995D61F8BEDD80014315F /* Release */,
			);
			defaultConfigurationIsVisible = 0;
			defaultConfigurationName = Release;
		};
		720995D71F8BEDD80014315F /* Build configuration list for PBXNativeTarget "AzureStorageExample" */ = {
			isa = XCConfigurationList;
			buildConfigurations = (
				720995D81F8BEDD80014315F /* Debug */,
				720995D91F8BEDD80014315F /* Release */,
			);
			defaultConfigurationIsVisible = 0;
			defaultConfigurationName = Release;
		};
/* End XCConfigurationList section */
	};
	rootObject = 720995BD1F8BEDD80014315F /* Project object */;
}
