// !$*UTF8*$!
{
	archiveVersion = 1;
	classes = {
	};
	objectVersion = 48;
	objects = {

/* Begin PBXBuildFile section */
		720995C91F8BEDD80014315F /* AppDelegate.swift in Sources */ = {isa = PBXBuildFile; fileRef = 720995C81F8BEDD80014315F /* AppDelegate.swift */; };
		720995CB1F8BEDD80014315F /* ViewController.swift in Sources */ = {isa = PBXBuildFile; fileRef = 720995CA1F8BEDD80014315F /* ViewController.swift */; };
		720995CE1F8BEDD80014315F /* Main.storyboard in Resources */ = {isa = PBXBuildFile; fileRef = 720995CC1F8BEDD80014315F /* Main.storyboard */; };
		720995D01F8BEDD80014315F /* Assets.xcassets in Resources */ = {isa = PBXBuildFile; fileRef = 720995CF1F8BEDD80014315F /* Assets.xcassets */; };
		720995D31F8BEDD80014315F /* LaunchScreen.storyboard in Resources */ = {isa = PBXBuildFile; fileRef = 720995D11F8BEDD80014315F /* LaunchScreen.storyboard */; };
		7209967F1F8BF55C0014315F /* libxml2.tbd in Frameworks */ = {isa = PBXBuildFile; fileRef = 7209967E1F8BF54B0014315F /* libxml2.tbd */; };
		720996821F8BF5DB0014315F /* Values.swift in Sources */ = {isa = PBXBuildFile; fileRef = 720996811F8BF5DB0014315F /* Values.swift */; };
		72691D4D1F8D1D3D00FF5477 /* AZSBlockListItem.m in Sources */ = {isa = PBXBuildFile; fileRef = 72691CE01F8D1D3500FF5477 /* AZSBlockListItem.m */; };
		72691D4E1F8D1D3D00FF5477 /* AZSBlobRequestOptions.m in Sources */ = {isa = PBXBuildFile; fileRef = 72691CE31F8D1D3500FF5477 /* AZSBlobRequestOptions.m */; };
		72691D4F1F8D1D3D00FF5477 /* AZSCloudBlobDirectory.m in Sources */ = {isa = PBXBuildFile; fileRef = 72691CE71F8D1D3500FF5477 /* AZSCloudBlobDirectory.m */; };
		72691D501F8D1D3D00FF5477 /* AZSNoOpAuthenticationHandler.m in Sources */ = {isa = PBXBuildFile; fileRef = 72691CE81F8D1D3500FF5477 /* AZSNoOpAuthenticationHandler.m */; };
		72691D511F8D1D3D00FF5477 /* AZSClient.m in Sources */ = {isa = PBXBuildFile; fileRef = 72691CEA1F8D1D3500FF5477 /* AZSClient.m */; };
		72691D521F8D1D3D00FF5477 /* AZSUtil.m in Sources */ = {isa = PBXBuildFile; fileRef = 72691CEB1F8D1D3500FF5477 /* AZSUtil.m */; };
		72691D531F8D1D3D00FF5477 /* AZSMetricsProperties.m in Sources */ = {isa = PBXBuildFile; fileRef = 72691CEC1F8D1D3500FF5477 /* AZSMetricsProperties.m */; };
		72691D541F8D1D3D00FF5477 /* AZSCopyState.m in Sources */ = {isa = PBXBuildFile; fileRef = 72691CEE1F8D1D3600FF5477 /* AZSCopyState.m */; };
		72691D551F8D1D3D00FF5477 /* AZSSharedAccessBlobParameters.m in Sources */ = {isa = PBXBuildFile; fileRef = 72691CEF1F8D1D3600FF5477 /* AZSSharedAccessBlobParameters.m */; };
		72691D561F8D1D3D00FF5477 /* AZSCloudBlobContainer.m in Sources */ = {isa = PBXBuildFile; fileRef = 72691CF01F8D1D3600FF5477 /* AZSCloudBlobContainer.m */; };
		72691D571F8D1D3D00FF5477 /* AZSBlobResponseParser.m in Sources */ = {isa = PBXBuildFile; fileRef = 72691CF31F8D1D3600FF5477 /* AZSBlobResponseParser.m */; };
		72691D581F8D1D3D00FF5477 /* AZSContinuationToken.m in Sources */ = {isa = PBXBuildFile; fileRef = 72691CF41F8D1D3600FF5477 /* AZSContinuationToken.m */; };
		72691D591F8D1D3D00FF5477 /* AZSRequestFactory.m in Sources */ = {isa = PBXBuildFile; fileRef = 72691CF51F8D1D3600FF5477 /* AZSRequestFactory.m */; };
		72691D5A1F8D1D3D00FF5477 /* AZSBlobContainerProperties.m in Sources */ = {isa = PBXBuildFile; fileRef = 72691CF71F8D1D3600FF5477 /* AZSBlobContainerProperties.m */; };
		72691D5B1F8D1D3D00FF5477 /* AZSBlobOutputStream.m in Sources */ = {isa = PBXBuildFile; fileRef = 72691CF81F8D1D3700FF5477 /* AZSBlobOutputStream.m */; };
		72691D5C1F8D1D3D00FF5477 /* AZSSharedKeyBlobAuthenticationHandler.m in Sources */ = {isa = PBXBuildFile; fileRef = 72691CFA1F8D1D3700FF5477 /* AZSSharedKeyBlobAuthenticationHandler.m */; };
		72691D5D1F8D1D3D00FF5477 /* AZSSharedAccessAccountParameters.m in Sources */ = {isa = PBXBuildFile; fileRef = 72691CFD1F8D1D3700FF5477 /* AZSSharedAccessAccountParameters.m */; };
		72691D5E1F8D1D3D00FF5477 /* AZSCloudBlockBlob.m in Sources */ = {isa = PBXBuildFile; fileRef = 72691CFF1F8D1D3700FF5477 /* AZSCloudBlockBlob.m */; };
		72691D5F1F8D1D3D00FF5477 /* AZSBlobRequestXML.m in Sources */ = {isa = PBXBuildFile; fileRef = 72691D021F8D1D3700FF5477 /* AZSBlobRequestXML.m */; };
		72691D601F8D1D3D00FF5477 /* AZSRetryInfo.m in Sources */ = {isa = PBXBuildFile; fileRef = 72691D081F8D1D3800FF5477 /* AZSRetryInfo.m */; };
		72691D611F8D1D3D00FF5477 /* AZSStorageCredentials.m in Sources */ = {isa = PBXBuildFile; fileRef = 72691D091F8D1D3800FF5477 /* AZSStorageCredentials.m */; };
		72691D621F8D1D3D00FF5477 /* AZSSharedAccessHeaders.m in Sources */ = {isa = PBXBuildFile; fileRef = 72691D0B1F8D1D3800FF5477 /* AZSSharedAccessHeaders.m */; };
		72691D631F8D1D3D00FF5477 /* AZSServiceProperties.m in Sources */ = {isa = PBXBuildFile; fileRef = 72691D0D1F8D1D3800FF5477 /* AZSServiceProperties.m */; };
		72691D641F8D1D3D00FF5477 /* AZSBlobRequestFactory.m in Sources */ = {isa = PBXBuildFile; fileRef = 72691D0E1F8D1D3800FF5477 /* AZSBlobRequestFactory.m */; };
		72691D651F8D1D3D00FF5477 /* AZSCloudPageBlob.m in Sources */ = {isa = PBXBuildFile; fileRef = 72691D111F8D1D3800FF5477 /* AZSCloudPageBlob.m */; };
		72691D661F8D1D3D00FF5477 /* AZSLoggingProperties.m in Sources */ = {isa = PBXBuildFile; fileRef = 72691D131F8D1D3900FF5477 /* AZSLoggingProperties.m */; };
		72691D671F8D1D3D00FF5477 /* AZSStorageCommand.m in Sources */ = {isa = PBXBuildFile; fileRef = 72691D141F8D1D3900FF5477 /* AZSStorageCommand.m */; };
		72691D681F8D1D3D00FF5477 /* AZSResponseParser.m in Sources */ = {isa = PBXBuildFile; fileRef = 72691D171F8D1D3900FF5477 /* AZSResponseParser.m */; };
		72691D691F8D1D3D00FF5477 /* AZSRetryContext.m in Sources */ = {isa = PBXBuildFile; fileRef = 72691D181F8D1D3900FF5477 /* AZSRetryContext.m */; };
		72691D6A1F8D1D3D00FF5477 /* AZSUriQueryBuilder.m in Sources */ = {isa = PBXBuildFile; fileRef = 72691D191F8D1D3900FF5477 /* AZSUriQueryBuilder.m */; };
		72691D6B1F8D1D3D00FF5477 /* AZSCorsRule.m in Sources */ = {isa = PBXBuildFile; fileRef = 72691D1C1F8D1D3900FF5477 /* AZSCorsRule.m */; };
		72691D6C1F8D1D3D00FF5477 /* AZSResultSegment.m in Sources */ = {isa = PBXBuildFile; fileRef = 72691D201F8D1D3900FF5477 /* AZSResultSegment.m */; };
		72691D6D1F8D1D3D00FF5477 /* AZSBlobUploadHelper.m in Sources */ = {isa = PBXBuildFile; fileRef = 72691D221F8D1D3A00FF5477 /* AZSBlobUploadHelper.m */; };
		72691D6E1F8D1D3D00FF5477 /* AZSCloudAppendBlob.m in Sources */ = {isa = PBXBuildFile; fileRef = 72691D261F8D1D3A00FF5477 /* AZSCloudAppendBlob.m */; };
		72691D6F1F8D1D3D00FF5477 /* AZSBlobProperties.m in Sources */ = {isa = PBXBuildFile; fileRef = 72691D281F8D1D3A00FF5477 /* AZSBlobProperties.m */; };
		72691D701F8D1D3D00FF5477 /* AZSSharedAccessPolicy.m in Sources */ = {isa = PBXBuildFile; fileRef = 72691D291F8D1D3A00FF5477 /* AZSSharedAccessPolicy.m */; };
		72691D711F8D1D3D00FF5477 /* AZSStorageUri.m in Sources */ = {isa = PBXBuildFile; fileRef = 72691D2C1F8D1D3A00FF5477 /* AZSStorageUri.m */; };
		72691D721F8D1D3D00FF5477 /* AZSCloudStorageAccount.m in Sources */ = {isa = PBXBuildFile; fileRef = 72691D2E1F8D1D3B00FF5477 /* AZSCloudStorageAccount.m */; };
		72691D731F8D1D3D00FF5477 /* AZSExecutor.m in Sources */ = {isa = PBXBuildFile; fileRef = 72691D301F8D1D3B00FF5477 /* AZSExecutor.m */; };
		72691D741F8D1D3D00FF5477 /* AZSOperationContext.m in Sources */ = {isa = PBXBuildFile; fileRef = 72691D321F8D1D3B00FF5477 /* AZSOperationContext.m */; };
		72691D751F8D1D3D00FF5477 /* AZSCloudClient.m in Sources */ = {isa = PBXBuildFile; fileRef = 72691D361F8D1D3B00FF5477 /* AZSCloudClient.m */; };
		72691D761F8D1D3D00FF5477 /* AZSErrors.m in Sources */ = {isa = PBXBuildFile; fileRef = 72691D371F8D1D3B00FF5477 /* AZSErrors.m */; };
		72691D771F8D1D3D00FF5477 /* AZSRetryPolicy.m in Sources */ = {isa = PBXBuildFile; fileRef = 72691D3A1F8D1D3C00FF5477 /* AZSRetryPolicy.m */; };
		72691D781F8D1D3D00FF5477 /* AZSCloudBlobClient.m in Sources */ = {isa = PBXBuildFile; fileRef = 72691D3D1F8D1D3C00FF5477 /* AZSCloudBlobClient.m */; };
		72691D791F8D1D3D00FF5477 /* AZSNavigationUtil.m in Sources */ = {isa = PBXBuildFile; fileRef = 72691D3E1F8D1D3C00FF5477 /* AZSNavigationUtil.m */; };
		72691D7A1F8D1D3D00FF5477 /* AZSRequestResult.m in Sources */ = {isa = PBXBuildFile; fileRef = 72691D3F1F8D1D3C00FF5477 /* AZSRequestResult.m */; };
		72691D7B1F8D1D3D00FF5477 /* AZSRequestOptions.m in Sources */ = {isa = PBXBuildFile; fileRef = 72691D401F8D1D3C00FF5477 /* AZSRequestOptions.m */; };
		72691D7C1F8D1D3D00FF5477 /* AZSSharedAccessSignatureHelper.m in Sources */ = {isa = PBXBuildFile; fileRef = 72691D411F8D1D3C00FF5477 /* AZSSharedAccessSignatureHelper.m */; };
		72691D7D1F8D1D3D00FF5477 /* AZSConstants.m in Sources */ = {isa = PBXBuildFile; fileRef = 72691D421F8D1D3C00FF5477 /* AZSConstants.m */; };
		72691D7E1F8D1D3D00FF5477 /* AZSIPRange.m in Sources */ = {isa = PBXBuildFile; fileRef = 72691D461F8D1D3D00FF5477 /* AZSIPRange.m */; };
		72691D7F1F8D1D3D00FF5477 /* AZSAccessCondition.m in Sources */ = {isa = PBXBuildFile; fileRef = 72691D471F8D1D3D00FF5477 /* AZSAccessCondition.m */; };
		72691D801F8D1D3D00FF5477 /* AZSCloudBlob.m in Sources */ = {isa = PBXBuildFile; fileRef = 72691D4C1F8D1D3D00FF5477 /* AZSCloudBlob.m */; };
/* End PBXBuildFile section */

/* Begin PBXFileReference section */
		720995C51F8BEDD80014315F /* AzureStorageExample.app */ = {isa = PBXFileReference; explicitFileType = wrapper.application; includeInIndex = 0; path = AzureStorageExample.app; sourceTree = BUILT_PRODUCTS_DIR; };
		720995C81F8BEDD80014315F /* AppDelegate.swift */ = {isa = PBXFileReference; lastKnownFileType = sourcecode.swift; path = AppDelegate.swift; sourceTree = "<group>"; };
		720995CA1F8BEDD80014315F /* ViewController.swift */ = {isa = PBXFileReference; lastKnownFileType = sourcecode.swift; path = ViewController.swift; sourceTree = "<group>"; };
		720995CD1F8BEDD80014315F /* Base */ = {isa = PBXFileReference; lastKnownFileType = file.storyboard; name = Base; path = Base.lproj/Main.storyboard; sourceTree = "<group>"; };
		720995CF1F8BEDD80014315F /* Assets.xcassets */ = {isa = PBXFileReference; lastKnownFileType = folder.assetcatalog; path = Assets.xcassets; sourceTree = "<group>"; };
		720995D21F8BEDD80014315F /* Base */ = {isa = PBXFileReference; lastKnownFileType = file.storyboard; name = Base; path = Base.lproj/LaunchScreen.storyboard; sourceTree = "<group>"; };
		720995D41F8BEDD80014315F /* Info.plist */ = {isa = PBXFileReference; lastKnownFileType = text.plist.xml; path = Info.plist; sourceTree = "<group>"; };
		720995DB1F8BEE620014315F /* AzureStorageExample-Bridging-Header.h */ = {isa = PBXFileReference; lastKnownFileType = sourcecode.c.h; path = "AzureStorageExample-Bridging-Header.h"; sourceTree = "<group>"; };
		7209967E1F8BF54B0014315F /* libxml2.tbd */ = {isa = PBXFileReference; lastKnownFileType = "sourcecode.text-based-dylib-definition"; name = libxml2.tbd; path = usr/lib/libxml2.tbd; sourceTree = SDKROOT; };
		720996811F8BF5DB0014315F /* Values.swift */ = {isa = PBXFileReference; lastKnownFileType = sourcecode.swift; path = Values.swift; sourceTree = "<group>"; };
		72691CDF1F8D1D2400FF5477 /* AZSAccessCondition.h */ = {isa = PBXFileReference; lastKnownFileType = sourcecode.c.h; path = AZSAccessCondition.h; sourceTree = "<group>"; };
		72691CE01F8D1D3500FF5477 /* AZSBlockListItem.m */ = {isa = PBXFileReference; fileEncoding = 4; lastKnownFileType = sourcecode.c.objc; path = AZSBlockListItem.m; sourceTree = "<group>"; };
		72691CE11F8D1D3500FF5477 /* AZSStorageCredentials.h */ = {isa = PBXFileReference; fileEncoding = 4; lastKnownFileType = sourcecode.c.h; path = AZSStorageCredentials.h; sourceTree = "<group>"; };
		72691CE21F8D1D3500FF5477 /* AZSNoOpAuthenticationHandler.h */ = {isa = PBXFileReference; fileEncoding = 4; lastKnownFileType = sourcecode.c.h; path = AZSNoOpAuthenticationHandler.h; sourceTree = "<group>"; };
		72691CE31F8D1D3500FF5477 /* AZSBlobRequestOptions.m */ = {isa = PBXFileReference; fileEncoding = 4; lastKnownFileType = sourcecode.c.objc; path = AZSBlobRequestOptions.m; sourceTree = "<group>"; };
		72691CE41F8D1D3500FF5477 /* AZSBlockListItem.h */ = {isa = PBXFileReference; fileEncoding = 4; lastKnownFileType = sourcecode.c.h; path = AZSBlockListItem.h; sourceTree = "<group>"; };
		72691CE51F8D1D3500FF5477 /* AZSCloudBlobClient.h */ = {isa = PBXFileReference; fileEncoding = 4; lastKnownFileType = sourcecode.c.h; path = AZSCloudBlobClient.h; sourceTree = "<group>"; };
		72691CE61F8D1D3500FF5477 /* AZSBlobRequestOptions.h */ = {isa = PBXFileReference; fileEncoding = 4; lastKnownFileType = sourcecode.c.h; path = AZSBlobRequestOptions.h; sourceTree = "<group>"; };
		72691CE71F8D1D3500FF5477 /* AZSCloudBlobDirectory.m */ = {isa = PBXFileReference; fileEncoding = 4; lastKnownFileType = sourcecode.c.objc; path = AZSCloudBlobDirectory.m; sourceTree = "<group>"; };
		72691CE81F8D1D3500FF5477 /* AZSNoOpAuthenticationHandler.m */ = {isa = PBXFileReference; fileEncoding = 4; lastKnownFileType = sourcecode.c.objc; path = AZSNoOpAuthenticationHandler.m; sourceTree = "<group>"; };
		72691CE91F8D1D3500FF5477 /* AZSMetricsProperties.h */ = {isa = PBXFileReference; fileEncoding = 4; lastKnownFileType = sourcecode.c.h; path = AZSMetricsProperties.h; sourceTree = "<group>"; };
		72691CEA1F8D1D3500FF5477 /* AZSClient.m */ = {isa = PBXFileReference; fileEncoding = 4; lastKnownFileType = sourcecode.c.objc; path = AZSClient.m; sourceTree = "<group>"; };
		72691CEB1F8D1D3500FF5477 /* AZSUtil.m */ = {isa = PBXFileReference; fileEncoding = 4; lastKnownFileType = sourcecode.c.objc; path = AZSUtil.m; sourceTree = "<group>"; };
		72691CEC1F8D1D3500FF5477 /* AZSMetricsProperties.m */ = {isa = PBXFileReference; fileEncoding = 4; lastKnownFileType = sourcecode.c.objc; path = AZSMetricsProperties.m; sourceTree = "<group>"; };
		72691CED1F8D1D3600FF5477 /* AZSULLRange.h */ = {isa = PBXFileReference; fileEncoding = 4; lastKnownFileType = sourcecode.c.h; path = AZSULLRange.h; sourceTree = "<group>"; };
		72691CEE1F8D1D3600FF5477 /* AZSCopyState.m */ = {isa = PBXFileReference; fileEncoding = 4; lastKnownFileType = sourcecode.c.objc; path = AZSCopyState.m; sourceTree = "<group>"; };
		72691CEF1F8D1D3600FF5477 /* AZSSharedAccessBlobParameters.m */ = {isa = PBXFileReference; fileEncoding = 4; lastKnownFileType = sourcecode.c.objc; path = AZSSharedAccessBlobParameters.m; sourceTree = "<group>"; };
		72691CF01F8D1D3600FF5477 /* AZSCloudBlobContainer.m */ = {isa = PBXFileReference; fileEncoding = 4; lastKnownFileType = sourcecode.c.objc; path = AZSCloudBlobContainer.m; sourceTree = "<group>"; };
		72691CF11F8D1D3600FF5477 /* AZSCopyState.h */ = {isa = PBXFileReference; fileEncoding = 4; lastKnownFileType = sourcecode.c.h; path = AZSCopyState.h; sourceTree = "<group>"; };
		72691CF21F8D1D3600FF5477 /* AZSServiceProperties.h */ = {isa = PBXFileReference; fileEncoding = 4; lastKnownFileType = sourcecode.c.h; path = AZSServiceProperties.h; sourceTree = "<group>"; };
		72691CF31F8D1D3600FF5477 /* AZSBlobResponseParser.m */ = {isa = PBXFileReference; fileEncoding = 4; lastKnownFileType = sourcecode.c.objc; path = AZSBlobResponseParser.m; sourceTree = "<group>"; };
		72691CF41F8D1D3600FF5477 /* AZSContinuationToken.m */ = {isa = PBXFileReference; fileEncoding = 4; lastKnownFileType = sourcecode.c.objc; path = AZSContinuationToken.m; sourceTree = "<group>"; };
		72691CF51F8D1D3600FF5477 /* AZSRequestFactory.m */ = {isa = PBXFileReference; fileEncoding = 4; lastKnownFileType = sourcecode.c.objc; path = AZSRequestFactory.m; sourceTree = "<group>"; };
		72691CF61F8D1D3600FF5477 /* AZSErrors.h */ = {isa = PBXFileReference; fileEncoding = 4; lastKnownFileType = sourcecode.c.h; path = AZSErrors.h; sourceTree = "<group>"; };
		72691CF71F8D1D3600FF5477 /* AZSBlobContainerProperties.m */ = {isa = PBXFileReference; fileEncoding = 4; lastKnownFileType = sourcecode.c.objc; path = AZSBlobContainerProperties.m; sourceTree = "<group>"; };
		72691CF81F8D1D3700FF5477 /* AZSBlobOutputStream.m */ = {isa = PBXFileReference; fileEncoding = 4; lastKnownFileType = sourcecode.c.objc; path = AZSBlobOutputStream.m; sourceTree = "<group>"; };
		72691CF91F8D1D3700FF5477 /* AZSCorsRule.h */ = {isa = PBXFileReference; fileEncoding = 4; lastKnownFileType = sourcecode.c.h; path = AZSCorsRule.h; sourceTree = "<group>"; };
		72691CFA1F8D1D3700FF5477 /* AZSSharedKeyBlobAuthenticationHandler.m */ = {isa = PBXFileReference; fileEncoding = 4; lastKnownFileType = sourcecode.c.objc; path = AZSSharedKeyBlobAuthenticationHandler.m; sourceTree = "<group>"; };
		72691CFB1F8D1D3700FF5477 /* AZSBlobResponseParser.h */ = {isa = PBXFileReference; fileEncoding = 4; lastKnownFileType = sourcecode.c.h; path = AZSBlobResponseParser.h; sourceTree = "<group>"; };
		72691CFC1F8D1D3700FF5477 /* AZSLoggingProperties.h */ = {isa = PBXFileReference; fileEncoding = 4; lastKnownFileType = sourcecode.c.h; path = AZSLoggingProperties.h; sourceTree = "<group>"; };
		72691CFD1F8D1D3700FF5477 /* AZSSharedAccessAccountParameters.m */ = {isa = PBXFileReference; fileEncoding = 4; lastKnownFileType = sourcecode.c.objc; path = AZSSharedAccessAccountParameters.m; sourceTree = "<group>"; };
		72691CFE1F8D1D3700FF5477 /* AZSNavigationUtil.h */ = {isa = PBXFileReference; fileEncoding = 4; lastKnownFileType = sourcecode.c.h; path = AZSNavigationUtil.h; sourceTree = "<group>"; };
		72691CFF1F8D1D3700FF5477 /* AZSCloudBlockBlob.m */ = {isa = PBXFileReference; fileEncoding = 4; lastKnownFileType = sourcecode.c.objc; path = AZSCloudBlockBlob.m; sourceTree = "<group>"; };
		72691D001F8D1D3700FF5477 /* AZSRequestResult.h */ = {isa = PBXFileReference; fileEncoding = 4; lastKnownFileType = sourcecode.c.h; path = AZSRequestResult.h; sourceTree = "<group>"; };
		72691D011F8D1D3700FF5477 /* AZSSharedAccessHeaders.h */ = {isa = PBXFileReference; fileEncoding = 4; lastKnownFileType = sourcecode.c.h; path = AZSSharedAccessHeaders.h; sourceTree = "<group>"; };
		72691D021F8D1D3700FF5477 /* AZSBlobRequestXML.m */ = {isa = PBXFileReference; fileEncoding = 4; lastKnownFileType = sourcecode.c.objc; path = AZSBlobRequestXML.m; sourceTree = "<group>"; };
		72691D031F8D1D3700FF5477 /* AZSConstants.h */ = {isa = PBXFileReference; fileEncoding = 4; lastKnownFileType = sourcecode.c.h; path = AZSConstants.h; sourceTree = "<group>"; };
		72691D041F8D1D3700FF5477 /* AZSBlobContainerProperties.h */ = {isa = PBXFileReference; fileEncoding = 4; lastKnownFileType = sourcecode.c.h; path = AZSBlobContainerProperties.h; sourceTree = "<group>"; };
		72691D051F8D1D3800FF5477 /* AZSSharedKeyBlobAuthenticationHandler.h */ = {isa = PBXFileReference; fileEncoding = 4; lastKnownFileType = sourcecode.c.h; path = AZSSharedKeyBlobAuthenticationHandler.h; sourceTree = "<group>"; };
		72691D061F8D1D3800FF5477 /* AZSResultSegment.h */ = {isa = PBXFileReference; fileEncoding = 4; lastKnownFileType = sourcecode.c.h; path = AZSResultSegment.h; sourceTree = "<group>"; };
		72691D071F8D1D3800FF5477 /* AZSClient-Prefix.pch */ = {isa = PBXFileReference; fileEncoding = 4; lastKnownFileType = sourcecode.c.h; path = "AZSClient-Prefix.pch"; sourceTree = "<group>"; };
		72691D081F8D1D3800FF5477 /* AZSRetryInfo.m */ = {isa = PBXFileReference; fileEncoding = 4; lastKnownFileType = sourcecode.c.objc; path = AZSRetryInfo.m; sourceTree = "<group>"; };
		72691D091F8D1D3800FF5477 /* AZSStorageCredentials.m */ = {isa = PBXFileReference; fileEncoding = 4; lastKnownFileType = sourcecode.c.objc; path = AZSStorageCredentials.m; sourceTree = "<group>"; };
		72691D0A1F8D1D3800FF5477 /* AZSCloudBlobContainer.h */ = {isa = PBXFileReference; fileEncoding = 4; lastKnownFileType = sourcecode.c.h; path = AZSCloudBlobContainer.h; sourceTree = "<group>"; };
		72691D0B1F8D1D3800FF5477 /* AZSSharedAccessHeaders.m */ = {isa = PBXFileReference; fileEncoding = 4; lastKnownFileType = sourcecode.c.objc; path = AZSSharedAccessHeaders.m; sourceTree = "<group>"; };
		72691D0C1F8D1D3800FF5477 /* AZSOperationContext.h */ = {isa = PBXFileReference; fileEncoding = 4; lastKnownFileType = sourcecode.c.h; path = AZSOperationContext.h; sourceTree = "<group>"; };
		72691D0D1F8D1D3800FF5477 /* AZSServiceProperties.m */ = {isa = PBXFileReference; fileEncoding = 4; lastKnownFileType = sourcecode.c.objc; path = AZSServiceProperties.m; sourceTree = "<group>"; };
		72691D0E1F8D1D3800FF5477 /* AZSBlobRequestFactory.m */ = {isa = PBXFileReference; fileEncoding = 4; lastKnownFileType = sourcecode.c.objc; path = AZSBlobRequestFactory.m; sourceTree = "<group>"; };
		72691D0F1F8D1D3800FF5477 /* AZSBlobRequestXML.h */ = {isa = PBXFileReference; fileEncoding = 4; lastKnownFileType = sourcecode.c.h; path = AZSBlobRequestXML.h; sourceTree = "<group>"; };
		72691D101F8D1D3800FF5477 /* AZSBlobProperties.h */ = {isa = PBXFileReference; fileEncoding = 4; lastKnownFileType = sourcecode.c.h; path = AZSBlobProperties.h; sourceTree = "<group>"; };
		72691D111F8D1D3800FF5477 /* AZSCloudPageBlob.m */ = {isa = PBXFileReference; fileEncoding = 4; lastKnownFileType = sourcecode.c.objc; path = AZSCloudPageBlob.m; sourceTree = "<group>"; };
		72691D121F8D1D3900FF5477 /* AZSCloudBlobDirectory.h */ = {isa = PBXFileReference; fileEncoding = 4; lastKnownFileType = sourcecode.c.h; path = AZSCloudBlobDirectory.h; sourceTree = "<group>"; };
		72691D131F8D1D3900FF5477 /* AZSLoggingProperties.m */ = {isa = PBXFileReference; fileEncoding = 4; lastKnownFileType = sourcecode.c.objc; path = AZSLoggingProperties.m; sourceTree = "<group>"; };
		72691D141F8D1D3900FF5477 /* AZSStorageCommand.m */ = {isa = PBXFileReference; fileEncoding = 4; lastKnownFileType = sourcecode.c.objc; path = AZSStorageCommand.m; sourceTree = "<group>"; };
		72691D151F8D1D3900FF5477 /* AZSContinuationToken.h */ = {isa = PBXFileReference; fileEncoding = 4; lastKnownFileType = sourcecode.c.h; path = AZSContinuationToken.h; sourceTree = "<group>"; };
		72691D161F8D1D3900FF5477 /* AZSStorageCommand.h */ = {isa = PBXFileReference; fileEncoding = 4; lastKnownFileType = sourcecode.c.h; path = AZSStorageCommand.h; sourceTree = "<group>"; };
		72691D171F8D1D3900FF5477 /* AZSResponseParser.m */ = {isa = PBXFileReference; fileEncoding = 4; lastKnownFileType = sourcecode.c.objc; path = AZSResponseParser.m; sourceTree = "<group>"; };
		72691D181F8D1D3900FF5477 /* AZSRetryContext.m */ = {isa = PBXFileReference; fileEncoding = 4; lastKnownFileType = sourcecode.c.objc; path = AZSRetryContext.m; sourceTree = "<group>"; };
		72691D191F8D1D3900FF5477 /* AZSUriQueryBuilder.m */ = {isa = PBXFileReference; fileEncoding = 4; lastKnownFileType = sourcecode.c.objc; path = AZSUriQueryBuilder.m; sourceTree = "<group>"; };
		72691D1A1F8D1D3900FF5477 /* AZSCloudStorageAccount.h */ = {isa = PBXFileReference; fileEncoding = 4; lastKnownFileType = sourcecode.c.h; path = AZSCloudStorageAccount.h; sourceTree = "<group>"; };
		72691D1B1F8D1D3900FF5477 /* AZSAuthenticationHandler.h */ = {isa = PBXFileReference; fileEncoding = 4; lastKnownFileType = sourcecode.c.h; path = AZSAuthenticationHandler.h; sourceTree = "<group>"; };
		72691D1C1F8D1D3900FF5477 /* AZSCorsRule.m */ = {isa = PBXFileReference; fileEncoding = 4; lastKnownFileType = sourcecode.c.objc; path = AZSCorsRule.m; sourceTree = "<group>"; };
		72691D1D1F8D1D3900FF5477 /* AZSBlobRequestFactory.h */ = {isa = PBXFileReference; fileEncoding = 4; lastKnownFileType = sourcecode.c.h; path = AZSBlobRequestFactory.h; sourceTree = "<group>"; };
		72691D1E1F8D1D3900FF5477 /* AZSUriQueryBuilder.h */ = {isa = PBXFileReference; fileEncoding = 4; lastKnownFileType = sourcecode.c.h; path = AZSUriQueryBuilder.h; sourceTree = "<group>"; };
		72691D1F1F8D1D3900FF5477 /* AZSClient.h */ = {isa = PBXFileReference; fileEncoding = 4; lastKnownFileType = sourcecode.c.h; path = AZSClient.h; sourceTree = "<group>"; };
		72691D201F8D1D3900FF5477 /* AZSResultSegment.m */ = {isa = PBXFileReference; fileEncoding = 4; lastKnownFileType = sourcecode.c.objc; path = AZSResultSegment.m; sourceTree = "<group>"; };
		72691D211F8D1D3A00FF5477 /* AZSResponseParser.h */ = {isa = PBXFileReference; fileEncoding = 4; lastKnownFileType = sourcecode.c.h; path = AZSResponseParser.h; sourceTree = "<group>"; };
		72691D221F8D1D3A00FF5477 /* AZSBlobUploadHelper.m */ = {isa = PBXFileReference; fileEncoding = 4; lastKnownFileType = sourcecode.c.objc; path = AZSBlobUploadHelper.m; sourceTree = "<group>"; };
		72691D231F8D1D3A00FF5477 /* AZSSharedAccessAccountParameters.h */ = {isa = PBXFileReference; fileEncoding = 4; lastKnownFileType = sourcecode.c.h; path = AZSSharedAccessAccountParameters.h; sourceTree = "<group>"; };
		72691D241F8D1D3A00FF5477 /* AZSIPRange.h */ = {isa = PBXFileReference; fileEncoding = 4; lastKnownFileType = sourcecode.c.h; path = AZSIPRange.h; sourceTree = "<group>"; };
		72691D251F8D1D3A00FF5477 /* AZSStorageUri.h */ = {isa = PBXFileReference; fileEncoding = 4; lastKnownFileType = sourcecode.c.h; path = AZSStorageUri.h; sourceTree = "<group>"; };
		72691D261F8D1D3A00FF5477 /* AZSCloudAppendBlob.m */ = {isa = PBXFileReference; fileEncoding = 4; lastKnownFileType = sourcecode.c.objc; path = AZSCloudAppendBlob.m; sourceTree = "<group>"; };
		72691D271F8D1D3A00FF5477 /* AZSSharedAccessBlobParameters.h */ = {isa = PBXFileReference; fileEncoding = 4; lastKnownFileType = sourcecode.c.h; path = AZSSharedAccessBlobParameters.h; sourceTree = "<group>"; };
		72691D281F8D1D3A00FF5477 /* AZSBlobProperties.m */ = {isa = PBXFileReference; fileEncoding = 4; lastKnownFileType = sourcecode.c.objc; path = AZSBlobProperties.m; sourceTree = "<group>"; };
		72691D291F8D1D3A00FF5477 /* AZSSharedAccessPolicy.m */ = {isa = PBXFileReference; fileEncoding = 4; lastKnownFileType = sourcecode.c.objc; path = AZSSharedAccessPolicy.m; sourceTree = "<group>"; };
		72691D2A1F8D1D3A00FF5477 /* AZSCloudBlob.h */ = {isa = PBXFileReference; fileEncoding = 4; lastKnownFileType = sourcecode.c.h; path = AZSCloudBlob.h; sourceTree = "<group>"; };
		72691D2B1F8D1D3A00FF5477 /* AZSRequestFactory.h */ = {isa = PBXFileReference; fileEncoding = 4; lastKnownFileType = sourcecode.c.h; path = AZSRequestFactory.h; sourceTree = "<group>"; };
		72691D2C1F8D1D3A00FF5477 /* AZSStorageUri.m */ = {isa = PBXFileReference; fileEncoding = 4; lastKnownFileType = sourcecode.c.objc; path = AZSStorageUri.m; sourceTree = "<group>"; };
		72691D2D1F8D1D3A00FF5477 /* AZSCloudBlockBlob.h */ = {isa = PBXFileReference; fileEncoding = 4; lastKnownFileType = sourcecode.c.h; path = AZSCloudBlockBlob.h; sourceTree = "<group>"; };
		72691D2E1F8D1D3B00FF5477 /* AZSCloudStorageAccount.m */ = {isa = PBXFileReference; fileEncoding = 4; lastKnownFileType = sourcecode.c.objc; path = AZSCloudStorageAccount.m; sourceTree = "<group>"; };
		72691D2F1F8D1D3B00FF5477 /* AZSExecutor.h */ = {isa = PBXFileReference; fileEncoding = 4; lastKnownFileType = sourcecode.c.h; path = AZSExecutor.h; sourceTree = "<group>"; };
		72691D301F8D1D3B00FF5477 /* AZSExecutor.m */ = {isa = PBXFileReference; fileEncoding = 4; lastKnownFileType = sourcecode.c.objc; path = AZSExecutor.m; sourceTree = "<group>"; };
		72691D311F8D1D3B00FF5477 /* AZSUtil.h */ = {isa = PBXFileReference; fileEncoding = 4; lastKnownFileType = sourcecode.c.h; path = AZSUtil.h; sourceTree = "<group>"; };
		72691D321F8D1D3B00FF5477 /* AZSOperationContext.m */ = {isa = PBXFileReference; fileEncoding = 4; lastKnownFileType = sourcecode.c.objc; path = AZSOperationContext.m; sourceTree = "<group>"; };
		72691D331F8D1D3B00FF5477 /* AZSBlobOutputStream.h */ = {isa = PBXFileReference; fileEncoding = 4; lastKnownFileType = sourcecode.c.h; path = AZSBlobOutputStream.h; sourceTree = "<group>"; };
		72691D341F8D1D3B00FF5477 /* AZSBlobUploadHelper.h */ = {isa = PBXFileReference; fileEncoding = 4; lastKnownFileType = sourcecode.c.h; path = AZSBlobUploadHelper.h; sourceTree = "<group>"; };
		72691D351F8D1D3B00FF5477 /* AZSEnums.h */ = {isa = PBXFileReference; fileEncoding = 4; lastKnownFileType = sourcecode.c.h; path = AZSEnums.h; sourceTree = "<group>"; };
		72691D361F8D1D3B00FF5477 /* AZSCloudClient.m */ = {isa = PBXFileReference; fileEncoding = 4; lastKnownFileType = sourcecode.c.objc; path = AZSCloudClient.m; sourceTree = "<group>"; };
		72691D371F8D1D3B00FF5477 /* AZSErrors.m */ = {isa = PBXFileReference; fileEncoding = 4; lastKnownFileType = sourcecode.c.objc; path = AZSErrors.m; sourceTree = "<group>"; };
		72691D381F8D1D3B00FF5477 /* AZSRequestOptions.h */ = {isa = PBXFileReference; fileEncoding = 4; lastKnownFileType = sourcecode.c.h; path = AZSRequestOptions.h; sourceTree = "<group>"; };
		72691D391F8D1D3C00FF5477 /* AZSRetryContext.h */ = {isa = PBXFileReference; fileEncoding = 4; lastKnownFileType = sourcecode.c.h; path = AZSRetryContext.h; sourceTree = "<group>"; };
		72691D3A1F8D1D3C00FF5477 /* AZSRetryPolicy.m */ = {isa = PBXFileReference; fileEncoding = 4; lastKnownFileType = sourcecode.c.objc; path = AZSRetryPolicy.m; sourceTree = "<group>"; };
		72691D3B1F8D1D3C00FF5477 /* AZSSharedAccessSignatureHelper.h */ = {isa = PBXFileReference; fileEncoding = 4; lastKnownFileType = sourcecode.c.h; path = AZSSharedAccessSignatureHelper.h; sourceTree = "<group>"; };
		72691D3C1F8D1D3C00FF5477 /* AZSRetryPolicy.h */ = {isa = PBXFileReference; fileEncoding = 4; lastKnownFileType = sourcecode.c.h; path = AZSRetryPolicy.h; sourceTree = "<group>"; };
		72691D3D1F8D1D3C00FF5477 /* AZSCloudBlobClient.m */ = {isa = PBXFileReference; fileEncoding = 4; lastKnownFileType = sourcecode.c.objc; path = AZSCloudBlobClient.m; sourceTree = "<group>"; };
		72691D3E1F8D1D3C00FF5477 /* AZSNavigationUtil.m */ = {isa = PBXFileReference; fileEncoding = 4; lastKnownFileType = sourcecode.c.objc; path = AZSNavigationUtil.m; sourceTree = "<group>"; };
		72691D3F1F8D1D3C00FF5477 /* AZSRequestResult.m */ = {isa = PBXFileReference; fileEncoding = 4; lastKnownFileType = sourcecode.c.objc; path = AZSRequestResult.m; sourceTree = "<group>"; };
		72691D401F8D1D3C00FF5477 /* AZSRequestOptions.m */ = {isa = PBXFileReference; fileEncoding = 4; lastKnownFileType = sourcecode.c.objc; path = AZSRequestOptions.m; sourceTree = "<group>"; };
		72691D411F8D1D3C00FF5477 /* AZSSharedAccessSignatureHelper.m */ = {isa = PBXFileReference; fileEncoding = 4; lastKnownFileType = sourcecode.c.objc; path = AZSSharedAccessSignatureHelper.m; sourceTree = "<group>"; };
		72691D421F8D1D3C00FF5477 /* AZSConstants.m */ = {isa = PBXFileReference; fileEncoding = 4; lastKnownFileType = sourcecode.c.objc; path = AZSConstants.m; sourceTree = "<group>"; };
		72691D431F8D1D3D00FF5477 /* AZSMacros.h */ = {isa = PBXFileReference; fileEncoding = 4; lastKnownFileType = sourcecode.c.h; path = AZSMacros.h; sourceTree = "<group>"; };
		72691D441F8D1D3D00FF5477 /* AZSRetryInfo.h */ = {isa = PBXFileReference; fileEncoding = 4; lastKnownFileType = sourcecode.c.h; path = AZSRetryInfo.h; sourceTree = "<group>"; };
		72691D451F8D1D3D00FF5477 /* AZSCloudPageBlob.h */ = {isa = PBXFileReference; fileEncoding = 4; lastKnownFileType = sourcecode.c.h; path = AZSCloudPageBlob.h; sourceTree = "<group>"; };
		72691D461F8D1D3D00FF5477 /* AZSIPRange.m */ = {isa = PBXFileReference; fileEncoding = 4; lastKnownFileType = sourcecode.c.objc; path = AZSIPRange.m; sourceTree = "<group>"; };
		72691D471F8D1D3D00FF5477 /* AZSAccessCondition.m */ = {isa = PBXFileReference; fileEncoding = 4; lastKnownFileType = sourcecode.c.objc; path = AZSAccessCondition.m; sourceTree = "<group>"; };
		72691D481F8D1D3D00FF5477 /* AZSAccessCondition.h */ = {isa = PBXFileReference; fileEncoding = 4; lastKnownFileType = sourcecode.c.h; name = AZSAccessCondition.h; path = "../../../../azure-storage-ios-master/Lib/Azure Storage Client Library/Azure Storage Client Library/AZSAccessCondition.h"; sourceTree = "<group>"; };
		72691D491F8D1D3D00FF5477 /* AZSCloudAppendBlob.h */ = {isa = PBXFileReference; fileEncoding = 4; lastKnownFileType = sourcecode.c.h; path = AZSCloudAppendBlob.h; sourceTree = "<group>"; };
		72691D4A1F8D1D3D00FF5477 /* AZSSharedAccessPolicy.h */ = {isa = PBXFileReference; fileEncoding = 4; lastKnownFileType = sourcecode.c.h; path = AZSSharedAccessPolicy.h; sourceTree = "<group>"; };
		72691D4B1F8D1D3D00FF5477 /* AZSCloudClient.h */ = {isa = PBXFileReference; fileEncoding = 4; lastKnownFileType = sourcecode.c.h; path = AZSCloudClient.h; sourceTree = "<group>"; };
		72691D4C1F8D1D3D00FF5477 /* AZSCloudBlob.m */ = {isa = PBXFileReference; fileEncoding = 4; lastKnownFileType = sourcecode.c.objc; path = AZSCloudBlob.m; sourceTree = "<group>"; };
/* End PBXFileReference section */

/* Begin PBXFrameworksBuildPhase section */
		720995C21F8BEDD80014315F /* Frameworks */ = {
			isa = PBXFrameworksBuildPhase;
			buildActionMask = 2147483647;
			files = (
				7209967F1F8BF55C0014315F /* libxml2.tbd in Frameworks */,
			);
			runOnlyForDeploymentPostprocessing = 0;
		};
/* End PBXFrameworksBuildPhase section */

/* Begin PBXGroup section */
		720995BC1F8BEDD80014315F = {
			isa = PBXGroup;
			children = (
				720995C71F8BEDD80014315F /* AzureStorageExample */,
				720995C61F8BEDD80014315F /* Products */,
				7209967D1F8BF54B0014315F /* Frameworks */,
			);
			sourceTree = "<group>";
		};
		720995C61F8BEDD80014315F /* Products */ = {
			isa = PBXGroup;
			children = (
				720995C51F8BEDD80014315F /* AzureStorageExample.app */,
			);
			name = Products;
			sourceTree = "<group>";
		};
		720995C71F8BEDD80014315F /* AzureStorageExample */ = {
			isa = PBXGroup;
			children = (
				720995DA1F8BEDE10014315F /* Azure Storage */,
				720995C81F8BEDD80014315F /* AppDelegate.swift */,
				720995DB1F8BEE620014315F /* AzureStorageExample-Bridging-Header.h */,
				720995CA1F8BEDD80014315F /* ViewController.swift */,
				720995CC1F8BEDD80014315F /* Main.storyboard */,
				720995CF1F8BEDD80014315F /* Assets.xcassets */,
				720995D11F8BEDD80014315F /* LaunchScreen.storyboard */,
				720995D41F8BEDD80014315F /* Info.plist */,
				720996811F8BF5DB0014315F /* Values.swift */,
			);
			path = AzureStorageExample;
			sourceTree = "<group>";
		};
		720995DA1F8BEDE10014315F /* Azure Storage */ = {
			isa = PBXGroup;
			children = (
				72691D481F8D1D3D00FF5477 /* AZSAccessCondition.h */,
				72691D471F8D1D3D00FF5477 /* AZSAccessCondition.m */,
				72691D1B1F8D1D3900FF5477 /* AZSAuthenticationHandler.h */,
				72691D041F8D1D3700FF5477 /* AZSBlobContainerProperties.h */,
				72691CF71F8D1D3600FF5477 /* AZSBlobContainerProperties.m */,
				72691D331F8D1D3B00FF5477 /* AZSBlobOutputStream.h */,
				72691CF81F8D1D3700FF5477 /* AZSBlobOutputStream.m */,
				72691D101F8D1D3800FF5477 /* AZSBlobProperties.h */,
				72691D281F8D1D3A00FF5477 /* AZSBlobProperties.m */,
				72691D1D1F8D1D3900FF5477 /* AZSBlobRequestFactory.h */,
				72691D0E1F8D1D3800FF5477 /* AZSBlobRequestFactory.m */,
				72691CE61F8D1D3500FF5477 /* AZSBlobRequestOptions.h */,
				72691CE31F8D1D3500FF5477 /* AZSBlobRequestOptions.m */,
				72691D0F1F8D1D3800FF5477 /* AZSBlobRequestXML.h */,
				72691D021F8D1D3700FF5477 /* AZSBlobRequestXML.m */,
				72691CFB1F8D1D3700FF5477 /* AZSBlobResponseParser.h */,
				72691CF31F8D1D3600FF5477 /* AZSBlobResponseParser.m */,
				72691D341F8D1D3B00FF5477 /* AZSBlobUploadHelper.h */,
				72691D221F8D1D3A00FF5477 /* AZSBlobUploadHelper.m */,
				72691CE41F8D1D3500FF5477 /* AZSBlockListItem.h */,
				72691CE01F8D1D3500FF5477 /* AZSBlockListItem.m */,
				72691D071F8D1D3800FF5477 /* AZSClient-Prefix.pch */,
				72691D1F1F8D1D3900FF5477 /* AZSClient.h */,
				72691CEA1F8D1D3500FF5477 /* AZSClient.m */,
				72691D491F8D1D3D00FF5477 /* AZSCloudAppendBlob.h */,
				72691D261F8D1D3A00FF5477 /* AZSCloudAppendBlob.m */,
				72691D2A1F8D1D3A00FF5477 /* AZSCloudBlob.h */,
				72691D4C1F8D1D3D00FF5477 /* AZSCloudBlob.m */,
				72691CE51F8D1D3500FF5477 /* AZSCloudBlobClient.h */,
				72691D3D1F8D1D3C00FF5477 /* AZSCloudBlobClient.m */,
				72691D0A1F8D1D3800FF5477 /* AZSCloudBlobContainer.h */,
				72691CF01F8D1D3600FF5477 /* AZSCloudBlobContainer.m */,
				72691D121F8D1D3900FF5477 /* AZSCloudBlobDirectory.h */,
				72691CE71F8D1D3500FF5477 /* AZSCloudBlobDirectory.m */,
				72691D2D1F8D1D3A00FF5477 /* AZSCloudBlockBlob.h */,
				72691CFF1F8D1D3700FF5477 /* AZSCloudBlockBlob.m */,
				72691D4B1F8D1D3D00FF5477 /* AZSCloudClient.h */,
				72691D361F8D1D3B00FF5477 /* AZSCloudClient.m */,
				72691D451F8D1D3D00FF5477 /* AZSCloudPageBlob.h */,
				72691D111F8D1D3800FF5477 /* AZSCloudPageBlob.m */,
				72691D1A1F8D1D3900FF5477 /* AZSCloudStorageAccount.h */,
				72691D2E1F8D1D3B00FF5477 /* AZSCloudStorageAccount.m */,
				72691D031F8D1D3700FF5477 /* AZSConstants.h */,
				72691D421F8D1D3C00FF5477 /* AZSConstants.m */,
				72691D151F8D1D3900FF5477 /* AZSContinuationToken.h */,
				72691CF41F8D1D3600FF5477 /* AZSContinuationToken.m */,
				72691CF11F8D1D3600FF5477 /* AZSCopyState.h */,
				72691CEE1F8D1D3600FF5477 /* AZSCopyState.m */,
				72691CF91F8D1D3700FF5477 /* AZSCorsRule.h */,
				72691D1C1F8D1D3900FF5477 /* AZSCorsRule.m */,
				72691D351F8D1D3B00FF5477 /* AZSEnums.h */,
				72691CF61F8D1D3600FF5477 /* AZSErrors.h */,
				72691D371F8D1D3B00FF5477 /* AZSErrors.m */,
				72691D2F1F8D1D3B00FF5477 /* AZSExecutor.h */,
				72691D301F8D1D3B00FF5477 /* AZSExecutor.m */,
				72691D241F8D1D3A00FF5477 /* AZSIPRange.h */,
				72691D461F8D1D3D00FF5477 /* AZSIPRange.m */,
				72691CFC1F8D1D3700FF5477 /* AZSLoggingProperties.h */,
				72691D131F8D1D3900FF5477 /* AZSLoggingProperties.m */,
				72691D431F8D1D3D00FF5477 /* AZSMacros.h */,
				72691CE91F8D1D3500FF5477 /* AZSMetricsProperties.h */,
				72691CEC1F8D1D3500FF5477 /* AZSMetricsProperties.m */,
				72691CFE1F8D1D3700FF5477 /* AZSNavigationUtil.h */,
				72691D3E1F8D1D3C00FF5477 /* AZSNavigationUtil.m */,
				72691CE21F8D1D3500FF5477 /* AZSNoOpAuthenticationHandler.h */,
				72691CE81F8D1D3500FF5477 /* AZSNoOpAuthenticationHandler.m */,
				72691D0C1F8D1D3800FF5477 /* AZSOperationContext.h */,
				72691D321F8D1D3B00FF5477 /* AZSOperationContext.m */,
				72691D2B1F8D1D3A00FF5477 /* AZSRequestFactory.h */,
				72691CF51F8D1D3600FF5477 /* AZSRequestFactory.m */,
				72691D381F8D1D3B00FF5477 /* AZSRequestOptions.h */,
				72691D401F8D1D3C00FF5477 /* AZSRequestOptions.m */,
				72691D001F8D1D3700FF5477 /* AZSRequestResult.h */,
				72691D3F1F8D1D3C00FF5477 /* AZSRequestResult.m */,
				72691D211F8D1D3A00FF5477 /* AZSResponseParser.h */,
				72691D171F8D1D3900FF5477 /* AZSResponseParser.m */,
				72691D061F8D1D3800FF5477 /* AZSResultSegment.h */,
				72691D201F8D1D3900FF5477 /* AZSResultSegment.m */,
				72691D391F8D1D3C00FF5477 /* AZSRetryContext.h */,
				72691D181F8D1D3900FF5477 /* AZSRetryContext.m */,
				72691D441F8D1D3D00FF5477 /* AZSRetryInfo.h */,
				72691D081F8D1D3800FF5477 /* AZSRetryInfo.m */,
				72691D3C1F8D1D3C00FF5477 /* AZSRetryPolicy.h */,
				72691D3A1F8D1D3C00FF5477 /* AZSRetryPolicy.m */,
				72691CF21F8D1D3600FF5477 /* AZSServiceProperties.h */,
				72691D0D1F8D1D3800FF5477 /* AZSServiceProperties.m */,
				72691D231F8D1D3A00FF5477 /* AZSSharedAccessAccountParameters.h */,
				72691CFD1F8D1D3700FF5477 /* AZSSharedAccessAccountParameters.m */,
				72691D271F8D1D3A00FF5477 /* AZSSharedAccessBlobParameters.h */,
				72691CEF1F8D1D3600FF5477 /* AZSSharedAccessBlobParameters.m */,
				72691D011F8D1D3700FF5477 /* AZSSharedAccessHeaders.h */,
				72691D0B1F8D1D3800FF5477 /* AZSSharedAccessHeaders.m */,
				72691D4A1F8D1D3D00FF5477 /* AZSSharedAccessPolicy.h */,
				72691D291F8D1D3A00FF5477 /* AZSSharedAccessPolicy.m */,
				72691D3B1F8D1D3C00FF5477 /* AZSSharedAccessSignatureHelper.h */,
				72691D411F8D1D3C00FF5477 /* AZSSharedAccessSignatureHelper.m */,
				72691D051F8D1D3800FF5477 /* AZSSharedKeyBlobAuthenticationHandler.h */,
				72691CFA1F8D1D3700FF5477 /* AZSSharedKeyBlobAuthenticationHandler.m */,
				72691D161F8D1D3900FF5477 /* AZSStorageCommand.h */,
				72691D141F8D1D3900FF5477 /* AZSStorageCommand.m */,
				72691CE11F8D1D3500FF5477 /* AZSStorageCredentials.h */,
				72691D091F8D1D3800FF5477 /* AZSStorageCredentials.m */,
				72691D251F8D1D3A00FF5477 /* AZSStorageUri.h */,
				72691D2C1F8D1D3A00FF5477 /* AZSStorageUri.m */,
				72691CED1F8D1D3600FF5477 /* AZSULLRange.h */,
				72691D1E1F8D1D3900FF5477 /* AZSUriQueryBuilder.h */,
				72691D191F8D1D3900FF5477 /* AZSUriQueryBuilder.m */,
				72691D311F8D1D3B00FF5477 /* AZSUtil.h */,
				72691CEB1F8D1D3500FF5477 /* AZSUtil.m */,
				72691CDF1F8D1D2400FF5477 /* AZSAccessCondition.h */,
			);
			path = "Azure Storage";
			sourceTree = "<group>";
		};
		7209967D1F8BF54B0014315F /* Frameworks */ = {
			isa = PBXGroup;
			children = (
				7209967E1F8BF54B0014315F /* libxml2.tbd */,
			);
			name = Frameworks;
			sourceTree = "<group>";
		};
/* End PBXGroup section */

/* Begin PBXNativeTarget section */
		720995C41F8BEDD80014315F /* AzureStorageExample */ = {
			isa = PBXNativeTarget;
			buildConfigurationList = 720995D71F8BEDD80014315F /* Build configuration list for PBXNativeTarget "AzureStorageExample" */;
			buildPhases = (
				720995C11F8BEDD80014315F /* Sources */,
				720995C21F8BEDD80014315F /* Frameworks */,
				720995C31F8BEDD80014315F /* Resources */,
			);
			buildRules = (
			);
			dependencies = (
			);
			name = AzureStorageExample;
			productName = AzureStorageExample;
			productReference = 720995C51F8BEDD80014315F /* AzureStorageExample.app */;
			productType = "com.apple.product-type.application";
		};
/* End PBXNativeTarget section */

/* Begin PBXProject section */
		720995BD1F8BEDD80014315F /* Project object */ = {
			isa = PBXProject;
			attributes = {
				LastSwiftUpdateCheck = 0910;
				LastUpgradeCheck = 0910;
				ORGANIZATIONNAME = "Dan Beaulieu";
				TargetAttributes = {
					720995C41F8BEDD80014315F = {
						CreatedOnToolsVersion = 9.1;
						LastSwiftMigration = 0910;
						ProvisioningStyle = Automatic;
					};
				};
			};
			buildConfigurationList = 720995C01F8BEDD80014315F /* Build configuration list for PBXProject "AzureStorageExample" */;
			compatibilityVersion = "Xcode 8.0";
			developmentRegion = en;
			hasScannedForEncodings = 0;
			knownRegions = (
				en,
				Base,
			);
			mainGroup = 720995BC1F8BEDD80014315F;
			productRefGroup = 720995C61F8BEDD80014315F /* Products */;
			projectDirPath = "";
			projectRoot = "";
			targets = (
				720995C41F8BEDD80014315F /* AzureStorageExample */,
			);
		};
/* End PBXProject section */

/* Begin PBXResourcesBuildPhase section */
		720995C31F8BEDD80014315F /* Resources */ = {
			isa = PBXResourcesBuildPhase;
			buildActionMask = 2147483647;
			files = (
				720995D31F8BEDD80014315F /* LaunchScreen.storyboard in Resources */,
				720995D01F8BEDD80014315F /* Assets.xcassets in Resources */,
				720995CE1F8BEDD80014315F /* Main.storyboard in Resources */,
			);
			runOnlyForDeploymentPostprocessing = 0;
		};
/* End PBXResourcesBuildPhase section */

/* Begin PBXSourcesBuildPhase section */
		720995C11F8BEDD80014315F /* Sources */ = {
			isa = PBXSourcesBuildPhase;
			buildActionMask = 2147483647;
			files = (
				72691D801F8D1D3D00FF5477 /* AZSCloudBlob.m in Sources */,
				72691D521F8D1D3D00FF5477 /* AZSUtil.m in Sources */,
				720995CB1F8BEDD80014315F /* ViewController.swift in Sources */,
				72691D7C1F8D1D3D00FF5477 /* AZSSharedAccessSignatureHelper.m in Sources */,
				72691D6D1F8D1D3D00FF5477 /* AZSBlobUploadHelper.m in Sources */,
				72691D701F8D1D3D00FF5477 /* AZSSharedAccessPolicy.m in Sources */,
				72691D561F8D1D3D00FF5477 /* AZSCloudBlobContainer.m in Sources */,
				72691D6A1F8D1D3D00FF5477 /* AZSUriQueryBuilder.m in Sources */,
				72691D4F1F8D1D3D00FF5477 /* AZSCloudBlobDirectory.m in Sources */,
				72691D5E1F8D1D3D00FF5477 /* AZSCloudBlockBlob.m in Sources */,
				72691D4D1F8D1D3D00FF5477 /* AZSBlockListItem.m in Sources */,
				72691D651F8D1D3D00FF5477 /* AZSCloudPageBlob.m in Sources */,
				72691D791F8D1D3D00FF5477 /* AZSNavigationUtil.m in Sources */,
				72691D511F8D1D3D00FF5477 /* AZSClient.m in Sources */,
				72691D721F8D1D3D00FF5477 /* AZSCloudStorageAccount.m in Sources */,
				72691D5B1F8D1D3D00FF5477 /* AZSBlobOutputStream.m in Sources */,
				72691D501F8D1D3D00FF5477 /* AZSNoOpAuthenticationHandler.m in Sources */,
				72691D711F8D1D3D00FF5477 /* AZSStorageUri.m in Sources */,
				72691D661F8D1D3D00FF5477 /* AZSLoggingProperties.m in Sources */,
				72691D6C1F8D1D3D00FF5477 /* AZSResultSegment.m in Sources */,
				72691D7A1F8D1D3D00FF5477 /* AZSRequestResult.m in Sources */,
				72691D631F8D1D3D00FF5477 /* AZSServiceProperties.m in Sources */,
				72691D5A1F8D1D3D00FF5477 /* AZSBlobContainerProperties.m in Sources */,
				72691D6F1F8D1D3D00FF5477 /* AZSBlobProperties.m in Sources */,
				72691D5D1F8D1D3D00FF5477 /* AZSSharedAccessAccountParameters.m in Sources */,
				72691D7D1F8D1D3D00FF5477 /* AZSConstants.m in Sources */,
				72691D731F8D1D3D00FF5477 /* AZSExecutor.m in Sources */,
				72691D5F1F8D1D3D00FF5477 /* AZSBlobRequestXML.m in Sources */,
				72691D771F8D1D3D00FF5477 /* AZSRetryPolicy.m in Sources */,
				720996821F8BF5DB0014315F /* Values.swift in Sources */,
				720995C91F8BEDD80014315F /* AppDelegate.swift in Sources */,
				72691D551F8D1D3D00FF5477 /* AZSSharedAccessBlobParameters.m in Sources */,
				72691D6B1F8D1D3D00FF5477 /* AZSCorsRule.m in Sources */,
				72691D581F8D1D3D00FF5477 /* AZSContinuationToken.m in Sources */,
				72691D741F8D1D3D00FF5477 /* AZSOperationContext.m in Sources */,
				72691D5C1F8D1D3D00FF5477 /* AZSSharedKeyBlobAuthenticationHandler.m in Sources */,
				72691D7B1F8D1D3D00FF5477 /* AZSRequestOptions.m in Sources */,
				72691D541F8D1D3D00FF5477 /* AZSCopyState.m in Sources */,
				72691D751F8D1D3D00FF5477 /* AZSCloudClient.m in Sources */,
				72691D691F8D1D3D00FF5477 /* AZSRetryContext.m in Sources */,
				72691D601F8D1D3D00FF5477 /* AZSRetryInfo.m in Sources */,
				72691D611F8D1D3D00FF5477 /* AZSStorageCredentials.m in Sources */,
				72691D6E1F8D1D3D00FF5477 /* AZSCloudAppendBlob.m in Sources */,
				72691D621F8D1D3D00FF5477 /* AZSSharedAccessHeaders.m in Sources */,
				72691D4E1F8D1D3D00FF5477 /* AZSBlobRequestOptions.m in Sources */,
				72691D591F8D1D3D00FF5477 /* AZSRequestFactory.m in Sources */,
				72691D761F8D1D3D00FF5477 /* AZSErrors.m in Sources */,
				72691D7F1F8D1D3D00FF5477 /* AZSAccessCondition.m in Sources */,
				72691D781F8D1D3D00FF5477 /* AZSCloudBlobClient.m in Sources */,
				72691D531F8D1D3D00FF5477 /* AZSMetricsProperties.m in Sources */,
				72691D641F8D1D3D00FF5477 /* AZSBlobRequestFactory.m in Sources */,
				72691D681F8D1D3D00FF5477 /* AZSResponseParser.m in Sources */,
				72691D7E1F8D1D3D00FF5477 /* AZSIPRange.m in Sources */,
				72691D671F8D1D3D00FF5477 /* AZSStorageCommand.m in Sources */,
				72691D571F8D1D3D00FF5477 /* AZSBlobResponseParser.m in Sources */,
			);
			runOnlyForDeploymentPostprocessing = 0;
		};
/* End PBXSourcesBuildPhase section */

/* Begin PBXVariantGroup section */
		720995CC1F8BEDD80014315F /* Main.storyboard */ = {
			isa = PBXVariantGroup;
			children = (
				720995CD1F8BEDD80014315F /* Base */,
			);
			name = Main.storyboard;
			sourceTree = "<group>";
		};
		720995D11F8BEDD80014315F /* LaunchScreen.storyboard */ = {
			isa = PBXVariantGroup;
			children = (
				720995D21F8BEDD80014315F /* Base */,
			);
			name = LaunchScreen.storyboard;
			sourceTree = "<group>";
		};
/* End PBXVariantGroup section */

/* Begin XCBuildConfiguration section */
		720995D51F8BEDD80014315F /* Debug */ = {
			isa = XCBuildConfiguration;
			buildSettings = {
				ALWAYS_SEARCH_USER_PATHS = NO;
				CLANG_ANALYZER_NONNULL = YES;
				CLANG_ANALYZER_NUMBER_OBJECT_CONVERSION = YES_AGGRESSIVE;
				CLANG_CXX_LANGUAGE_STANDARD = "gnu++14";
				CLANG_CXX_LIBRARY = "libc++";
				CLANG_ENABLE_MODULES = YES;
				CLANG_ENABLE_OBJC_ARC = YES;
				CLANG_WARN_BLOCK_CAPTURE_AUTORELEASING = YES;
				CLANG_WARN_BOOL_CONVERSION = YES;
				CLANG_WARN_COMMA = YES;
				CLANG_WARN_CONSTANT_CONVERSION = YES;
				CLANG_WARN_DIRECT_OBJC_ISA_USAGE = YES_ERROR;
				CLANG_WARN_DOCUMENTATION_COMMENTS = YES;
				CLANG_WARN_EMPTY_BODY = YES;
				CLANG_WARN_ENUM_CONVERSION = YES;
				CLANG_WARN_INFINITE_RECURSION = YES;
				CLANG_WARN_INT_CONVERSION = YES;
				CLANG_WARN_NON_LITERAL_NULL_CONVERSION = YES;
				CLANG_WARN_OBJC_LITERAL_CONVERSION = YES;
				CLANG_WARN_OBJC_ROOT_CLASS = YES_ERROR;
				CLANG_WARN_RANGE_LOOP_ANALYSIS = YES;
				CLANG_WARN_STRICT_PROTOTYPES = YES;
				CLANG_WARN_SUSPICIOUS_MOVE = YES;
				CLANG_WARN_UNGUARDED_AVAILABILITY = YES_AGGRESSIVE;
				CLANG_WARN_UNREACHABLE_CODE = YES;
				CLANG_WARN__DUPLICATE_METHOD_MATCH = YES;
				CODE_SIGN_IDENTITY = "iPhone Developer";
				COPY_PHASE_STRIP = NO;
				DEBUG_INFORMATION_FORMAT = dwarf;
				ENABLE_STRICT_OBJC_MSGSEND = YES;
				ENABLE_TESTABILITY = YES;
				GCC_C_LANGUAGE_STANDARD = gnu11;
				GCC_DYNAMIC_NO_PIC = NO;
				GCC_NO_COMMON_BLOCKS = YES;
				GCC_OPTIMIZATION_LEVEL = 0;
				GCC_PREPROCESSOR_DEFINITIONS = (
					"DEBUG=1",
					"$(inherited)",
				);
				GCC_WARN_64_TO_32_BIT_CONVERSION = YES;
				GCC_WARN_ABOUT_RETURN_TYPE = YES_ERROR;
				GCC_WARN_UNDECLARED_SELECTOR = YES;
				GCC_WARN_UNINITIALIZED_AUTOS = YES_AGGRESSIVE;
				GCC_WARN_UNUSED_FUNCTION = YES;
				GCC_WARN_UNUSED_VARIABLE = YES;
				IPHONEOS_DEPLOYMENT_TARGET = 11.1;
				MTL_ENABLE_DEBUG_INFO = YES;
				ONLY_ACTIVE_ARCH = YES;
				SDKROOT = iphoneos;
				SWIFT_ACTIVE_COMPILATION_CONDITIONS = DEBUG;
				SWIFT_OPTIMIZATION_LEVEL = "-Onone";
			};
			name = Debug;
		};
		720995D61F8BEDD80014315F /* Release */ = {
			isa = XCBuildConfiguration;
			buildSettings = {
				ALWAYS_SEARCH_USER_PATHS = NO;
				CLANG_ANALYZER_NONNULL = YES;
				CLANG_ANALYZER_NUMBER_OBJECT_CONVERSION = YES_AGGRESSIVE;
				CLANG_CXX_LANGUAGE_STANDARD = "gnu++14";
				CLANG_CXX_LIBRARY = "libc++";
				CLANG_ENABLE_MODULES = YES;
				CLANG_ENABLE_OBJC_ARC = YES;
				CLANG_WARN_BLOCK_CAPTURE_AUTORELEASING = YES;
				CLANG_WARN_BOOL_CONVERSION = YES;
				CLANG_WARN_COMMA = YES;
				CLANG_WARN_CONSTANT_CONVERSION = YES;
				CLANG_WARN_DIRECT_OBJC_ISA_USAGE = YES_ERROR;
				CLANG_WARN_DOCUMENTATION_COMMENTS = YES;
				CLANG_WARN_EMPTY_BODY = YES;
				CLANG_WARN_ENUM_CONVERSION = YES;
				CLANG_WARN_INFINITE_RECURSION = YES;
				CLANG_WARN_INT_CONVERSION = YES;
				CLANG_WARN_NON_LITERAL_NULL_CONVERSION = YES;
				CLANG_WARN_OBJC_LITERAL_CONVERSION = YES;
				CLANG_WARN_OBJC_ROOT_CLASS = YES_ERROR;
				CLANG_WARN_RANGE_LOOP_ANALYSIS = YES;
				CLANG_WARN_STRICT_PROTOTYPES = YES;
				CLANG_WARN_SUSPICIOUS_MOVE = YES;
				CLANG_WARN_UNGUARDED_AVAILABILITY = YES_AGGRESSIVE;
				CLANG_WARN_UNREACHABLE_CODE = YES;
				CLANG_WARN__DUPLICATE_METHOD_MATCH = YES;
				CODE_SIGN_IDENTITY = "iPhone Developer";
				COPY_PHASE_STRIP = NO;
				DEBUG_INFORMATION_FORMAT = "dwarf-with-dsym";
				ENABLE_NS_ASSERTIONS = NO;
				ENABLE_STRICT_OBJC_MSGSEND = YES;
				GCC_C_LANGUAGE_STANDARD = gnu11;
				GCC_NO_COMMON_BLOCKS = YES;
				GCC_WARN_64_TO_32_BIT_CONVERSION = YES;
				GCC_WARN_ABOUT_RETURN_TYPE = YES_ERROR;
				GCC_WARN_UNDECLARED_SELECTOR = YES;
				GCC_WARN_UNINITIALIZED_AUTOS = YES_AGGRESSIVE;
				GCC_WARN_UNUSED_FUNCTION = YES;
				GCC_WARN_UNUSED_VARIABLE = YES;
				IPHONEOS_DEPLOYMENT_TARGET = 11.1;
				MTL_ENABLE_DEBUG_INFO = NO;
				SDKROOT = iphoneos;
				SWIFT_OPTIMIZATION_LEVEL = "-Owholemodule";
				VALIDATE_PRODUCT = YES;
			};
			name = Release;
		};
		720995D81F8BEDD80014315F /* Debug */ = {
			isa = XCBuildConfiguration;
			buildSettings = {
				ASSETCATALOG_COMPILER_APPICON_NAME = AppIcon;
				CLANG_ENABLE_MODULES = YES;
				CODE_SIGN_STYLE = Automatic;
				DEVELOPMENT_TEAM = A37RV5JQQG;
				HEADER_SEARCH_PATHS = "${SDKROOT}/usr/include/libxml2";
				INFOPLIST_FILE = AzureStorageExample/Info.plist;
				LD_RUNPATH_SEARCH_PATHS = "$(inherited) @executable_path/Frameworks";
				PRODUCT_BUNDLE_IDENTIFIER = com.codebeaulieu.AzureStorageExample;
				PRODUCT_NAME = "$(TARGET_NAME)";
				SWIFT_OBJC_BRIDGING_HEADER = "AzureStorageExample/AzureStorageExample-Bridging-Header.h";
				SWIFT_OPTIMIZATION_LEVEL = "-Onone";
				SWIFT_VERSION = 4.0;
				TARGETED_DEVICE_FAMILY = "1,2";
				USER_HEADER_SEARCH_PATHS = "";
			};
			name = Debug;
		};
		720995D91F8BEDD80014315F /* Release */ = {
			isa = XCBuildConfiguration;
			buildSettings = {
				ASSETCATALOG_COMPILER_APPICON_NAME = AppIcon;
				CLANG_ENABLE_MODULES = YES;
				CODE_SIGN_STYLE = Automatic;
				DEVELOPMENT_TEAM = A37RV5JQQG;
				HEADER_SEARCH_PATHS = "${SDKROOT}/usr/include/libxml2";
				INFOPLIST_FILE = AzureStorageExample/Info.plist;
				LD_RUNPATH_SEARCH_PATHS = "$(inherited) @executable_path/Frameworks";
				PRODUCT_BUNDLE_IDENTIFIER = com.codebeaulieu.AzureStorageExample;
				PRODUCT_NAME = "$(TARGET_NAME)";
				SWIFT_OBJC_BRIDGING_HEADER = "AzureStorageExample/AzureStorageExample-Bridging-Header.h";
				SWIFT_VERSION = 4.0;
				TARGETED_DEVICE_FAMILY = "1,2";
				USER_HEADER_SEARCH_PATHS = "";
			};
			name = Release;
		};
/* End XCBuildConfiguration section */

/* Begin XCConfigurationList section */
		720995C01F8BEDD80014315F /* Build configuration list for PBXProject "AzureStorageExample" */ = {
			isa = XCConfigurationList;
			buildConfigurations = (
				720995D51F8BEDD80014315F /* Debug */,
				720995D61F8BEDD80014315F /* Release */,
			);
			defaultConfigurationIsVisible = 0;
			defaultConfigurationName = Release;
		};
		720995D71F8BEDD80014315F /* Build configuration list for PBXNativeTarget "AzureStorageExample" */ = {
			isa = XCConfigurationList;
			buildConfigurations = (
				720995D81F8BEDD80014315F /* Debug */,
				720995D91F8BEDD80014315F /* Release */,
			);
			defaultConfigurationIsVisible = 0;
			defaultConfigurationName = Release;
		};
/* End XCConfigurationList section */
	};
	rootObject = 720995BD1F8BEDD80014315F /* Project object */;
}
